{"SurveyEntry":{"SurveyID":"SV_0V4GmhWZ9vu6p5s","SurveyName":"stroop_task","SurveyDescription":null,"SurveyOwnerID":"UR_eQdC30JTy9N8pmZ","SurveyBrandID":"psicologiaunimib","DivisionID":"DV_emJH9L5JJOSQ6nI","SurveyLanguage":"EN","SurveyActiveResponseSet":"RS_6JybeOLjoDkqkZw","SurveyStatus":"Inactive","SurveyStartDate":"0000-00-00 00:00:00","SurveyExpirationDate":"0000-00-00 00:00:00","SurveyCreationDate":"2023-06-08 11:31:45","CreatorID":"UR_eQdC30JTy9N8pmZ","LastModified":"2023-06-12 03:08:27","LastAccessed":"0000-00-00 00:00:00","LastActivated":"0000-00-00 00:00:00","Deleted":null},"SurveyElements":[{"SurveyID":"SV_0V4GmhWZ9vu6p5s","Element":"BL","PrimaryAttribute":"Survey Blocks","SecondaryAttribute":null,"TertiaryAttribute":null,"Payload":[{"Type":"Default","Description":"stroop stimuli","ID":"BL_0N8zRk4VcEsu4wC","BlockElements":[{"Type":"Question","QuestionID":"QID1"},{"Type":"Question","QuestionID":"QID2"},{"Type":"Page Break"},{"Type":"Question","QuestionID":"QID3"},{"Type":"Question","QuestionID":"QID5"},{"Type":"Question","QuestionID":"QID6"},{"Type":"Question","QuestionID":"QID7"},{"Type":"Question","QuestionID":"QID8"},{"Type":"Question","QuestionID":"QID9"},{"Type":"Question","QuestionID":"QID10"},{"Type":"Question","QuestionID":"QID4"}],"Options":{"BlockLocking":"false","RandomizeQuestions":"false","Looping":"Static","LoopingOptions":{"Static":{"2":{"1":"1","2":"Giallo","3":"red","4":"incong"},"3":{"1":"2","2":"Giallo","3":"blue","4":"incong"},"4":{"1":"3","2":"Giallo","3":"green","4":"incong"},"6":{"1":"4","2":"Rosso","3":"yellow","4":"incong"},"7":{"1":"5","2":"Rosso","3":"blue","4":"incong"},"8":{"1":"6","2":"Rosso","3":"green","4":"incong"},"10":{"1":"7","2":"Blu","3":"yellow","4":"incong"},"11":{"1":"8","2":"Blu","3":"red","4":"incong"},"12":{"1":"9","2":"Blu","3":"green","4":"incong"},"14":{"1":"10","2":"Verde","3":"yellow","4":"incong"},"15":{"1":"11","2":"Verde","3":"red","4":"incong"},"16":{"1":"12","2":"Verde","3":"blue","4":"incong"},"17":{"1":"13","2":"Blue","3":"yellow","4":"incong"},"18":{"1":"14","2":"Rosso","3":"green","4":"incong"},"19":{"1":"15","2":"Giallo","3":"red","4":"incong"},"20":{"1":"16","2":"Giallo","3":"blue","4":"incong"},"21":{"1":"17","2":"Giallo","3":"green","4":"incong"},"22":{"1":"18","2":"Rosso","3":"yellow","4":"incong"},"23":{"1":"19","2":"Rosso","3":"blue","4":"incong"},"24":{"1":"20","2":"Rosso","3":"green","4":"incong"},"25":{"1":"21","2":"Blu","3":"yellow","4":"incong"},"26":{"1":"22","2":"Blu","3":"red","4":"incong"},"27":{"1":"23","2":"Blu","3":"green","4":"incong"},"28":{"1":"24","2":"Verde","3":"yellow","4":"incong"},"29":{"1":"25","2":"Verde","3":"red","4":"incong"},"30":{"1":"26","2":"Verde","3":"blue","4":"incong"},"31":{"1":"27","2":"Blu","3":"green","4":"incong"},"32":{"1":"28","2":"Giallo","3":"red","4":"incong"},"33":{"1":"1","2":"Giallo","3":"yellow","4":"cong"},"34":{"1":"2","2":"Giallo","3":"yellow","4":"cong"},"35":{"1":"3","2":"Giallo","3":"yellow","4":"cong"},"36":{"1":"4","2":"Giallo","3":"yellow","4":"cong"},"37":{"1":"5","2":"Giallo","3":"yellow","4":"cong"},"38":{"1":"6","2":"Giallo","3":"yellow","4":"cong"},"39":{"1":"7","2":"Giallo","3":"yellow","4":"cong"},"40":{"1":"8","2":"Rosso","3":"red","4":"cong"},"41":{"1":"9","2":"Rosso","3":"red","4":"cong"},"42":{"1":"10","2":"Rosso","3":"red","4":"cong"},"43":{"1":"11","2":"Rosso","3":"red","4":"cong"},"44":{"1":"12","2":"Rosso","3":"red","4":"cong"},"45":{"1":"13","2":"Rosso","3":"red","4":"cong"},"46":{"1":"14","2":"Rosso","3":"red","4":"cong"},"47":{"1":"15","2":"Blue","3":"blue","4":"cong"},"48":{"1":"16","2":"Blu","3":"blue","4":"cong"},"49":{"1":"17","2":"Blu","3":"blue","4":"cong"},"50":{"1":"18","2":"Blu","3":"blue","4":"cong"},"51":{"1":"19","2":"Blu","3":"blue","4":"cong"},"52":{"1":"20","2":"Blu","3":"blue","4":"cong"},"53":{"1":"21","2":"Blu","3":"blue","4":"cong"},"54":{"1":"22","2":"Verde","3":"green","4":"cong"},"55":{"1":"23","2":"Verde","3":"green","4":"cong"},"56":{"1":"24","2":"Verde","3":"green","4":"cong"},"57":{"1":"25","2":"Verde","3":"green","4":"cong"},"58":{"1":"26","2":"Verde","3":"green","4":"cong"},"59":{"1":"27","2":"Verde","3":"green","4":"cong"},"60":{"1":"28","2":"Verde","3":"green","4":"cong"}},"Randomization":"All"}}},{"Type":"Trash","Description":"Trash \/ Unused Questions","ID":"BL_b8fFh11WAaGdx7o"},{"Type":"Standard","SubType":"","Description":"stroop_intro","ID":"BL_3OcWQBCxXEXX2FU","BlockElements":[{"Type":"Question","QuestionID":"QID11"}]}]},{"SurveyID":"SV_0V4GmhWZ9vu6p5s","Element":"FL","PrimaryAttribute":"Survey Flow","SecondaryAttribute":null,"TertiaryAttribute":null,"Payload":{"Type":"Root","FlowID":"FL_1","Flow":[{"Type":"EmbeddedData","FlowID":"FL_3","EmbeddedData":[{"Description":"stroop_last","Type":"Custom","Field":"stroop_last","VariableType":"String","DataVisibility":[],"AnalyzeText":false,"Value":"0"},{"Description":"Create New Field or Choose From Dropdown...","Type":"Recipient","Field":"Create New Field or Choose From Dropdown...","VariableType":"String","DataVisibility":[],"AnalyzeText":false}]},{"ID":"BL_3OcWQBCxXEXX2FU","Type":"Standard","FlowID":"FL_4"},{"Type":"Block","ID":"BL_0N8zRk4VcEsu4wC","FlowID":"FL_2","Autofill":[]}],"Properties":{"Count":4,"RemovedFieldsets":[]}}},{"SurveyID":"SV_0V4GmhWZ9vu6p5s","Element":"PL","PrimaryAttribute":"Preview Link","SecondaryAttribute":null,"TertiaryAttribute":null,"Payload":{"PreviewType":"Brand","PreviewID":"6d914878-86b8-4c16-8fac-2116a11ec732"}},{"SurveyID":"SV_0V4GmhWZ9vu6p5s","Element":"SO","PrimaryAttribute":"Survey Options","SecondaryAttribute":null,"TertiaryAttribute":null,"Payload":{"BackButton":"false","SaveAndContinue":"true","SurveyProtection":"PublicSurvey","BallotBoxStuffingPrevention":"false","NoIndex":"Yes","SecureResponseFiles":"true","SurveyExpiration":"None","SurveyTermination":"DefaultMessage","Header":"","Footer":"","ProgressBarDisplay":"None","PartialData":"+1 week","ValidationMessage":"","PreviousButton":"","NextButton":"","SurveyTitle":"Qualtrics Survey | Qualtrics Experience Management","SkinLibrary":"psicologiaunimib","SkinType":"templated","Skin":{"brandingId":null,"templateId":"*2014","overrides":null},"NewScoring":1,"SurveyMetaDescription":"The most powerful, simple and trusted way to gather experience data. Start your journey to experience management and try a free account today.","SurveyName":"stroop_task","ProtectSelectionIds":true}},{"SurveyID":"SV_0V4GmhWZ9vu6p5s","Element":"SCO","PrimaryAttribute":"Scoring","SecondaryAttribute":null,"TertiaryAttribute":null,"Payload":{"ScoringCategories":[],"ScoringCategoryGroups":[],"ScoringSummaryCategory":null,"ScoringSummaryAfterQuestions":0,"ScoringSummaryAfterSurvey":0,"DefaultScoringCategory":null,"AutoScoringCategory":null}},{"SurveyID":"SV_0V4GmhWZ9vu6p5s","Element":"PROJ","PrimaryAttribute":"CORE","SecondaryAttribute":null,"TertiaryAttribute":"1.1.0","Payload":{"ProjectCategory":"CORE","SchemaVersion":"1.1.0"}},{"SurveyID":"SV_0V4GmhWZ9vu6p5s","Element":"STAT","PrimaryAttribute":"Survey Statistics","SecondaryAttribute":null,"TertiaryAttribute":null,"Payload":{"MobileCompatible":false,"ID":"Survey Statistics"}},{"SurveyID":"SV_0V4GmhWZ9vu6p5s","Element":"SQ","PrimaryAttribute":"QID1","SecondaryAttribute":"${lm:\/\/Field\/2}","TertiaryAttribute":null,"Payload":{"QuestionText":"<div id=\"stroopstim\" class=\"stroopstim\" style=\"text-align:center; font-size:1.8em\">\n${lm:\/\/Field\/2}\n<\/div>","DataExportTag":"stimulus","QuestionType":"MC","Selector":"SAVR","SubSelector":"TX","Configuration":{"QuestionDescriptionOption":"UseText"},"QuestionDescription":"${lm:\/\/Field\/2}","Choices":{"1":{"Display":"Giallo"},"2":{"Display":"Rosso"},"3":{"Display":"Blu"},"4":{"Display":"Verde"}},"ChoiceOrder":[1,2,3,4],"Validation":{"Settings":{"ForceResponse":"OFF","Type":"None"}},"Language":[],"NextChoiceId":5,"NextAnswerId":1,"QuestionID":"QID1","DataVisibility":{"Private":false,"Hidden":false},"DynamicChoicesData":[],"QuestionJS":"Qualtrics.SurveyEngine.addOnload(function()\n{\n\tQualtrics.SurveyEngine.setEmbeddedData('stroop_last', -1) \n\n\t\/*Place your JavaScript here to run when the page loads*\/\n\n});\n\nQualtrics.SurveyEngine.addOnReady(function()\n{\n\tvar colors=[\n\t\t\"yellow\",\n\t\t\"red\",\n\t\t\"blue\",\n\t\t\"green\"\n\t\t];\n\t\n    jQuery(\"#Buttons\").hide();\n\tvar color='${lm:\/\/Field\/3}'\n\tjQuery(\"#stroopstim\").css('color', color);\n\n    this.questionclick = function(event, element) {\n\t\t var correct = '${lm:\/\/Field\/3}'\n\t\t var choice = Number(this.getChoiceRecodeValue(this.getSelectedChoices()));\n\t\t var choiceval=colors[(choice-1)];\n      \n\t\tif (choiceval===correct)\n\t\t\tQualtrics.SurveyEngine.setEmbeddedData('stroop_last', 1) \n\t\telse\n\t\t\tQualtrics.SurveyEngine.setEmbeddedData('stroop_last', 0) \n\t\t\t\n\t\t\n\t\t   console.log(\"choice:\"+choice+\"  correct:\"+correct+\" choiceval:\"+choiceval+\" last:\"+'${e:\/\/Field\/stroop_last}');\n          this.clickNextButton();\n    };\n});\n\t\t\t\t\t\t\t\t  \nQualtrics.SurveyEngine.addOnUnload(function() {});"}},{"SurveyID":"SV_0V4GmhWZ9vu6p5s","Element":"SQ","PrimaryAttribute":"QID10","SecondaryAttribute":"(hidden by js) save if answer correct","TertiaryAttribute":null,"Payload":{"QuestionText":"(hidden by js) save if answer correct<br>","QuestionJS":"Qualtrics.SurveyEngine.addOnload(function()\n{\n\t\/*Place your JavaScript here to run when the page loads*\/\n\n});\n\nQualtrics.SurveyEngine.addOnReady(function()\n{\n\n\t\t var field = '${e:\/\/Field\/stroop_last}'\n\t\t jQuery(\"#\"+this.questionId).hide();\n\t\t jQuery(\"#\"+this.questionId+\" .InputText\").val(field);\n\t    console.log(\"saving correct as \"+ field);\n    \n\n});\n\nQualtrics.SurveyEngine.addOnUnload(function()\n{\n\t\/*Place your JavaScript here to run when the page is unloaded*\/\n\n});","DefaultChoices":false,"DataExportTag":"stroop_correct","QuestionType":"TE","Selector":"SL","DataVisibility":{"Private":false,"Hidden":false},"Configuration":{"QuestionDescriptionOption":"UseText"},"QuestionDescription":"(hidden by js) save if answer correct","Validation":{"Settings":{"ForceResponse":"OFF","Type":"None"}},"GradingData":[],"Language":[],"NextChoiceId":4,"NextAnswerId":1,"SearchSource":{"AllowFreeResponse":"false"},"QuestionID":"QID10"}},{"SurveyID":"SV_0V4GmhWZ9vu6p5s","Element":"SQ","PrimaryAttribute":"QID7","SecondaryAttribute":"(hidden by js) save input color","TertiaryAttribute":null,"Payload":{"QuestionText":"(hidden by js) save input color<br>","DefaultChoices":false,"DataExportTag":"stroop_color","QuestionType":"TE","Selector":"SL","Configuration":{"QuestionDescriptionOption":"UseText"},"QuestionDescription":"(hidden by js) save input color","Validation":{"Settings":{"ForceResponse":"OFF","Type":"None"}},"GradingData":[],"Language":[],"NextChoiceId":4,"NextAnswerId":1,"SearchSource":{"AllowFreeResponse":"false"},"QuestionID":"QID7","QuestionJS":"Qualtrics.SurveyEngine.addOnload(function()\n{\n\t\/*Place your JavaScript here to run when the page loads*\/\n\n});\n\nQualtrics.SurveyEngine.addOnReady(function()\n{\n\n\t\t var field = '${lm:\/\/Field\/3}'\n\t\t jQuery(\"#\"+this.questionId).hide();\n\t\t jQuery(\"#\"+this.questionId+\" .InputText\").val(field);\n\t    console.log(\"saving color as \"+ field);\n    \n\n});\n\nQualtrics.SurveyEngine.addOnUnload(function()\n{\n\t\/*Place your JavaScript here to run when the page is unloaded*\/\n\n});"}},{"SurveyID":"SV_0V4GmhWZ9vu6p5s","Element":"SQ","PrimaryAttribute":"QID8","SecondaryAttribute":"(hidden by js) save input word","TertiaryAttribute":null,"Payload":{"QuestionText":"(hidden by js) save input word<br>","QuestionJS":"Qualtrics.SurveyEngine.addOnload(function()\n{\n\t\/*Place your JavaScript here to run when the page loads*\/\n\n});\n\nQualtrics.SurveyEngine.addOnReady(function()\n{\n\n\t\t var field = '${lm:\/\/Field\/2}'\n\t\t jQuery(\"#\"+this.questionId).hide();\n\t\t jQuery(\"#\"+this.questionId+\" .InputText\").val(field);\n\t    console.log(\"saving word as \"+ field);\n    \n\n});\n\nQualtrics.SurveyEngine.addOnUnload(function()\n{\n\t\/*Place your JavaScript here to run when the page is unloaded*\/\n\n});","DefaultChoices":false,"DataExportTag":"stroop_word","QuestionType":"TE","Selector":"SL","DataVisibility":{"Private":false,"Hidden":false},"Configuration":{"QuestionDescriptionOption":"UseText"},"QuestionDescription":"(hidden by js) save input word","Validation":{"Settings":{"ForceResponse":"OFF","Type":"None"}},"GradingData":[],"Language":[],"NextChoiceId":4,"NextAnswerId":1,"SearchSource":{"AllowFreeResponse":"false"},"QuestionID":"QID8"}},{"SurveyID":"SV_0V4GmhWZ9vu6p5s","Element":"SQ","PrimaryAttribute":"QID9","SecondaryAttribute":"(hidden by js) save stimuli congruence","TertiaryAttribute":null,"Payload":{"QuestionText":"(hidden by js) save stimuli congruence<br>","QuestionJS":"Qualtrics.SurveyEngine.addOnload(function()\n{\n\t\/*Place your JavaScript here to run when the page loads*\/\n\n});\n\nQualtrics.SurveyEngine.addOnReady(function()\n{\n\n\t\t var field = '${lm:\/\/Field\/4}'\n\t\t jQuery(\"#\"+this.questionId).hide();\n\t\t jQuery(\"#\"+this.questionId+\" .InputText\").val(field);\n\t    console.log(\"saving congruence as \"+ field);\n    \n\n});\n\nQualtrics.SurveyEngine.addOnUnload(function()\n{\n\t\/*Place your JavaScript here to run when the page is unloaded*\/\n\n});","DefaultChoices":false,"DataExportTag":"stroop_cong","QuestionType":"TE","Selector":"SL","DataVisibility":{"Private":false,"Hidden":false},"Configuration":{"QuestionDescriptionOption":"UseText"},"QuestionDescription":"(hidden by js) save stimuli congruence","Validation":{"Settings":{"ForceResponse":"OFF","Type":"None"}},"GradingData":[],"Language":[],"NextChoiceId":4,"NextAnswerId":1,"SearchSource":{"AllowFreeResponse":"false"},"QuestionID":"QID9"}},{"SurveyID":"SV_0V4GmhWZ9vu6p5s","Element":"QC","PrimaryAttribute":"Survey Question Count","SecondaryAttribute":"11","TertiaryAttribute":null,"Payload":null},{"SurveyID":"SV_0V4GmhWZ9vu6p5s","Element":"RS","PrimaryAttribute":"RS_6JybeOLjoDkqkZw","SecondaryAttribute":"Default Response Set","TertiaryAttribute":null,"Payload":null},{"SurveyID":"SV_0V4GmhWZ9vu6p5s","Element":"SQ","PrimaryAttribute":"QID11","SecondaryAttribute":"In questa sezione ti verranno presentate delle parole corrispondenti a nomi di colori sullo scher...","TertiaryAttribute":null,"Payload":{"QuestionText":"<div>In questa sezione ti verranno presentate delle parole corrispondenti a nomi di colori sullo schermo. Ogni parola sar\u00e0 colorata in maniera diversa. Ad esempio la parola \"Verde\" potrebbe essere colarata di rosso (\"<span style=\"color:#c0392b;\">Verde<\/span>\"), di giallo (\"<span style=\"color:#f1c40f;\">Verde<\/span>\"), di blu (\"<span style=\"color:#3498db;\">Verde<\/span>\") oppure di verde (\"<span style=\"color:#27ae60;\">Verde<\/span>\"). Il tuo compito \u00e8 di indicare il pi\u00f9 velocemente possibile il colore in cui appare la parola, non il significato della parola.<\/div>\n\n<div>&nbsp;<\/div>\n\n<div><img src=\"https:\/\/psicologiaunimib.qualtrics.com\/CP\/Graphic.php?IM=IM_eexK0zQrnproLXM\"><\/div>\n\n<div>&nbsp;<\/div>\n\n<div>Dunque, se sullo schermo appare \"<span style=\"color:#c0392b;\">Verde<\/span>\", tu dovrai rispondere con \"Rosso\", se appare \"<span style=\"color:#2980b9;\">Verde<\/span>\", dovrai rispondere con \"Blu\" e cos\u00ec via.<br>\n<br><\/div><div>Cerca di dare le risposte in maniera accurata ma il pi\u00f9 rapido possibile. Per ogni parola hai un massimo di 15 secondi per rispondere.<\/div><div><br><\/div><div>\nPremi \"Inizia\" quando sei pronto<\/div>","DefaultChoices":false,"DataExportTag":"Q11","QuestionType":"DB","Selector":"TB","Configuration":{"QuestionDescriptionOption":"UseText"},"QuestionDescription":"In questa sezione ti verranno presentate delle parole corrispondenti a nomi di colori sullo scher...","ChoiceOrder":[],"Validation":{"Settings":{"Type":"None"}},"GradingData":[],"Language":[],"NextChoiceId":4,"NextAnswerId":1,"QuestionID":"QID11","QuestionJS":"Qualtrics.SurveyEngine.addOnload(function()\n{\n\t\/*Place your JavaScript here to run when the page loads*\/\n\n});\n\nQualtrics.SurveyEngine.addOnReady(function()\n{\n\n\t     jQuery('#NextButton').attr(\"title\",'Inizia');\n\t     jQuery('#NextButton').attr(\"value\",'Inizia');\n\n});\n\nQualtrics.SurveyEngine.addOnUnload(function()\n{\n\t\/*Place your JavaScript here to run when the page is unloaded*\/\n\n});"}},{"SurveyID":"SV_0V4GmhWZ9vu6p5s","Element":"SQ","PrimaryAttribute":"QID3","SecondaryAttribute":"Risposta corretta","TertiaryAttribute":null,"Payload":{"QuestionText":"<div style=\"text-align:center; font-size:1.2em\">\nRisposta corretta\n<\/div>","DefaultChoices":false,"DataExportTag":"ok","QuestionType":"DB","Selector":"TB","Configuration":{"QuestionDescriptionOption":"UseText"},"QuestionDescription":"Risposta corretta","ChoiceOrder":[],"Validation":{"Settings":{"Type":"None"}},"GradingData":[],"Language":[],"NextChoiceId":4,"NextAnswerId":1,"QuestionID":"QID3","QuestionJS":"Qualtrics.SurveyEngine.addOnload(function()\n{\n\t\/*Place your JavaScript here to run when the page loads*\/\n\n});\n\nQualtrics.SurveyEngine.addOnReady(function()\n{\n\tvar stroop_last='${e:\/\/Field\/stroop_last}'\n\tconsole.log(stroop_last);\n\n});\n\nQualtrics.SurveyEngine.addOnUnload(function()\n{\n\t\/*Place your JavaScript here to run when the page is unloaded*\/\n\n});","DataVisibility":{"Private":false,"Hidden":false},"DisplayLogic":{"0":{"0":{"Description":"<span class=\"ConjDesc\">If<\/span>  <span class=\"LeftOpDesc\">stroop_last<\/span> <span class=\"OpDesc\">Is Equal to<\/span> <span class=\"RightOpDesc\"> 1 <\/span>","LeftOperand":"stroop_last","LogicType":"EmbeddedField","Operator":"EqualTo","RightOperand":"1","Type":"Expression"},"Type":"If"},"Type":"BooleanExpression","inPage":false}}},{"SurveyID":"SV_0V4GmhWZ9vu6p5s","Element":"SQ","PrimaryAttribute":"QID6","SecondaryAttribute":"Risposta non corretta. Devi rispondere entro 15 secondi","TertiaryAttribute":null,"Payload":{"QuestionText":"<div style=\"text-align:center; font-size:1.2em\">\nRisposta non corretta. Devi rispondere entro 15 secondi<br>\n<\/div>","DefaultChoices":false,"DataExportTag":"toslow","QuestionType":"DB","Selector":"TB","Configuration":{"QuestionDescriptionOption":"UseText"},"QuestionDescription":"Risposta non corretta. Devi rispondere entro 15 secondi","ChoiceOrder":[],"Validation":{"Settings":{"Type":"None"}},"GradingData":[],"Language":[],"NextChoiceId":4,"NextAnswerId":1,"QuestionID":"QID6","DisplayLogic":{"0":{"0":{"Description":"<span class=\"ConjDesc\">If<\/span>  <span class=\"LeftOpDesc\">stroop_last<\/span> <span class=\"OpDesc\">Is Equal to<\/span> <span class=\"RightOpDesc\"> -1 <\/span>","LeftOperand":"stroop_last","LogicType":"EmbeddedField","Operator":"EqualTo","RightOperand":"-1","Type":"Expression"},"Type":"If"},"Type":"BooleanExpression","inPage":false},"DataVisibility":{"Private":false,"Hidden":false}}},{"SurveyID":"SV_0V4GmhWZ9vu6p5s","Element":"SQ","PrimaryAttribute":"QID5","SecondaryAttribute":"Risposta Non Corretta. Devi rispondere sulla base del colore del testo","TertiaryAttribute":null,"Payload":{"QuestionText":"<div style=\"text-align:center; font-size:1.2em\">\nRisposta Non Corretta. Devi rispondere sulla base del colore del testo\n<\/div>","DefaultChoices":false,"DataExportTag":"notok","QuestionType":"DB","Selector":"TB","Configuration":{"QuestionDescriptionOption":"UseText"},"QuestionDescription":"Risposta Non Corretta. Devi rispondere sulla base del colore del testo","ChoiceOrder":[],"Validation":{"Settings":{"Type":"None"}},"GradingData":[],"Language":[],"NextChoiceId":4,"NextAnswerId":1,"QuestionID":"QID5","DisplayLogic":{"0":{"0":{"Description":"<span class=\"ConjDesc\">If<\/span>  <span class=\"LeftOpDesc\">stroop_last<\/span> <span class=\"OpDesc\">Is Equal to<\/span> <span class=\"RightOpDesc\"> 0 <\/span>","LeftOperand":"stroop_last","LogicType":"EmbeddedField","Operator":"EqualTo","RightOperand":"0","Type":"Expression"},"Type":"If"},"Type":"BooleanExpression","inPage":false},"DataVisibility":{"Private":false,"Hidden":false}}},{"SurveyID":"SV_0V4GmhWZ9vu6p5s","Element":"SQ","PrimaryAttribute":"QID2","SecondaryAttribute":"Timing","TertiaryAttribute":null,"Payload":{"QuestionText":"Timing","DefaultChoices":false,"DataExportTag":"time","QuestionType":"Timing","Selector":"I","Configuration":{"QuestionDescriptionOption":"UseText","MaxSeconds":15,"CountDirection":"Incrementing"},"QuestionDescription":"Timing","Choices":{"1":{"Display":"First Click"},"2":{"Display":"Last Click"},"3":{"Display":"Page Submit"},"4":{"Display":"Click Count"}},"GradingData":[],"Language":[],"NextChoiceId":128,"NextAnswerId":1,"QuestionID":"QID2","DataVisibility":{"Private":false,"Hidden":false}}},{"SurveyID":"SV_0V4GmhWZ9vu6p5s","Element":"SQ","PrimaryAttribute":"QID4","SecondaryAttribute":"Timing","TertiaryAttribute":null,"Payload":{"QuestionText":"Timing","DefaultChoices":false,"DataExportTag":"timing","QuestionType":"Timing","Selector":"I","Configuration":{"QuestionDescriptionOption":"UseText","MinSeconds":20,"MaxSeconds":2,"CountDirection":"Incrementing"},"QuestionDescription":"Timing","Choices":{"1":{"Display":"First Click"},"2":{"Display":"Last Click"},"3":{"Display":"Page Submit"},"4":{"Display":"Click Count"}},"GradingData":[],"Language":[],"NextChoiceId":136,"NextAnswerId":1,"QuestionID":"QID4","DataVisibility":{"Private":false,"Hidden":false}}}]}