{"SurveyEntry":{"SurveyID":"SV_e4kLGhDbhhpJ6CO","SurveyName":"stroop_task (Eng)","SurveyDescription":null,"SurveyOwnerID":"UR_eQdC30JTy9N8pmZ","SurveyBrandID":"psicologiaunimib","DivisionID":"DV_emJH9L5JJOSQ6nI","SurveyLanguage":"EN","SurveyActiveResponseSet":"RS_bdu4Uji2DNosGGO","SurveyStatus":"Inactive","SurveyStartDate":"0000-00-00 00:00:00","SurveyExpirationDate":"0000-00-00 00:00:00","SurveyCreationDate":"2023-06-12 02:57:19","CreatorID":"UR_eQdC30JTy9N8pmZ","LastModified":"2023-06-12 03:22:32","LastAccessed":"0000-00-00 00:00:00","LastActivated":"0000-00-00 00:00:00","Deleted":null},"SurveyElements":[{"SurveyID":"SV_e4kLGhDbhhpJ6CO","Element":"BL","PrimaryAttribute":"Survey Blocks","SecondaryAttribute":null,"TertiaryAttribute":null,"Payload":[{"Type":"Default","Description":"stroop stimuli","ID":"BL_0N8zRk4VcEsu4wC","BlockElements":[{"Type":"Question","QuestionID":"QID1"},{"Type":"Question","QuestionID":"QID2"},{"Type":"Page Break"},{"Type":"Question","QuestionID":"QID3"},{"Type":"Question","QuestionID":"QID5"},{"Type":"Question","QuestionID":"QID6"},{"Type":"Question","QuestionID":"QID7"},{"Type":"Question","QuestionID":"QID8"},{"Type":"Question","QuestionID":"QID9"},{"Type":"Question","QuestionID":"QID10"},{"Type":"Question","QuestionID":"QID4"}],"Options":{"BlockLocking":"false","RandomizeQuestions":"false","Looping":"Static","LoopingOptions":{"Static":{"2":{"1":"1","2":"Yellow","3":"red","4":"incong"},"3":{"1":"2","2":"Yellow","3":"blue","4":"incong"},"4":{"1":"3","2":"Yellow","3":"green","4":"incong"},"6":{"1":"4","2":"Red","3":"yellow","4":"incong"},"7":{"1":"5","2":"Red","3":"blue","4":"incong"},"8":{"1":"6","2":"Red","3":"green","4":"incong"},"10":{"1":"7","2":"Blue","3":"yellow","4":"incong"},"11":{"1":"8","2":"Blue","3":"red","4":"incong"},"12":{"1":"9","2":"Blue","3":"green","4":"incong"},"14":{"1":"10","2":"Green","3":"yellow","4":"incong"},"15":{"1":"11","2":"Green","3":"red","4":"incong"},"16":{"1":"12","2":"Green","3":"blue","4":"incong"},"17":{"1":"13","2":"Blue","3":"yellow","4":"incong"},"18":{"1":"14","2":"Red","3":"green","4":"incong"},"19":{"1":"15","2":"Yellow","3":"red","4":"incong"},"20":{"1":"16","2":"Yellow","3":"blue","4":"incong"},"21":{"1":"17","2":"Yellow","3":"green","4":"incong"},"22":{"1":"18","2":"Red","3":"yellow","4":"incong"},"23":{"1":"19","2":"Red","3":"blue","4":"incong"},"24":{"1":"20","2":"Red","3":"green","4":"incong"},"25":{"1":"21","2":"Blue","3":"yellow","4":"incong"},"26":{"1":"22","2":"Blue","3":"red","4":"incong"},"27":{"1":"23","2":"Blue","3":"green","4":"incong"},"28":{"1":"24","2":"Green","3":"yellow","4":"incong"},"29":{"1":"25","2":"Green","3":"red","4":"incong"},"30":{"1":"26","2":"Green","3":"blue","4":"incong"},"31":{"1":"27","2":"Blue","3":"green","4":"incong"},"32":{"1":"28","2":"Yellow","3":"red","4":"incong"},"33":{"1":"1","2":"Yellow","3":"yellow","4":"cong"},"34":{"1":"2","2":"Yellow","3":"yellow","4":"cong"},"35":{"1":"3","2":"Yellow","3":"yellow","4":"cong"},"36":{"1":"4","2":"Yellow","3":"yellow","4":"cong"},"37":{"1":"5","2":"Yellow","3":"yellow","4":"cong"},"38":{"1":"6","2":"Yellow","3":"yellow","4":"cong"},"39":{"1":"7","2":"Yellow","3":"yellow","4":"cong"},"40":{"1":"8","2":"Red","3":"red","4":"cong"},"41":{"1":"9","2":"Red","3":"red","4":"cong"},"42":{"1":"10","2":"Red","3":"red","4":"cong"},"43":{"1":"11","2":"Red","3":"red","4":"cong"},"44":{"1":"12","2":"Red","3":"red","4":"cong"},"45":{"1":"13","2":"Red","3":"red","4":"cong"},"46":{"1":"14","2":"Red","3":"red","4":"cong"},"47":{"1":"15","2":"Blue","3":"blue","4":"cong"},"48":{"1":"16","2":"Blue","3":"blue","4":"cong"},"49":{"1":"17","2":"Blue","3":"blue","4":"cong"},"50":{"1":"18","2":"Blue","3":"blue","4":"cong"},"51":{"1":"19","2":"Blue","3":"blue","4":"cong"},"52":{"1":"20","2":"Blue","3":"blue","4":"cong"},"53":{"1":"21","2":"Blue","3":"blue","4":"cong"},"54":{"1":"22","2":"Green","3":"green","4":"cong"},"55":{"1":"23","2":"Green","3":"green","4":"cong"},"56":{"1":"24","2":"Green","3":"green","4":"cong"},"57":{"1":"25","2":"Green","3":"green","4":"cong"},"58":{"1":"26","2":"Green","3":"green","4":"cong"},"59":{"1":"27","2":"Green","3":"green","4":"cong"},"60":{"1":"28","2":"Green","3":"green","4":"cong"}},"Randomization":"All"}}},{"Type":"Trash","Description":"Trash \/ Unused Questions","ID":"BL_b8fFh11WAaGdx7o","BlockElements":[]},{"Type":"Standard","SubType":"","Description":"stroop_intro","ID":"BL_3OcWQBCxXEXX2FU","BlockElements":[{"Type":"Question","QuestionID":"QID11"}]}]},{"SurveyID":"SV_e4kLGhDbhhpJ6CO","Element":"FL","PrimaryAttribute":"Survey Flow","SecondaryAttribute":null,"TertiaryAttribute":null,"Payload":{"Type":"Root","FlowID":"FL_1","Flow":[{"Type":"EmbeddedData","FlowID":"FL_3","EmbeddedData":[{"Description":"stroop_last","Type":"Custom","Field":"stroop_last","VariableType":"String","DataVisibility":[],"AnalyzeText":false,"Value":"0"},{"Description":"Create New Field or Choose From Dropdown...","Type":"Recipient","Field":"Create New Field or Choose From Dropdown...","VariableType":"String","DataVisibility":[],"AnalyzeText":false}]},{"ID":"BL_3OcWQBCxXEXX2FU","Type":"Standard","FlowID":"FL_4"},{"Type":"Block","ID":"BL_0N8zRk4VcEsu4wC","FlowID":"FL_2","Autofill":[]}],"Properties":{"Count":4,"RemovedFieldsets":[]}}},{"SurveyID":"SV_e4kLGhDbhhpJ6CO","Element":"PL","PrimaryAttribute":"Preview Link","SecondaryAttribute":null,"TertiaryAttribute":null,"Payload":{"PreviewType":"Brand","PreviewID":"d95a92ca-4378-4284-a14e-6322e8caafb0"}},{"SurveyID":"SV_e4kLGhDbhhpJ6CO","Element":"RS","PrimaryAttribute":"RS_bdu4Uji2DNosGGO","SecondaryAttribute":null,"TertiaryAttribute":null,"Payload":null},{"SurveyID":"SV_e4kLGhDbhhpJ6CO","Element":"SO","PrimaryAttribute":"Survey Options","SecondaryAttribute":null,"TertiaryAttribute":null,"Payload":{"BackButton":"false","SaveAndContinue":"true","SurveyProtection":"PublicSurvey","BallotBoxStuffingPrevention":"false","NoIndex":"Yes","SecureResponseFiles":"true","SurveyExpiration":"None","SurveyTermination":"DefaultMessage","Header":"","Footer":"","ProgressBarDisplay":"None","PartialData":"+1 week","ValidationMessage":"","PreviousButton":"","NextButton":"","SurveyTitle":"Qualtrics Survey | Qualtrics Experience Management","SkinLibrary":"psicologiaunimib","SkinType":"templated","Skin":{"brandingId":null,"templateId":"*2014","overrides":null},"NewScoring":1,"SurveyMetaDescription":"The most powerful, simple and trusted way to gather experience data. Start your journey to experience management and try a free account today.","ProtectSelectionIds":true}},{"SurveyID":"SV_e4kLGhDbhhpJ6CO","Element":"SCO","PrimaryAttribute":"Scoring","SecondaryAttribute":null,"TertiaryAttribute":null,"Payload":{"ScoringCategories":[],"ScoringCategoryGroups":[],"ScoringSummaryCategory":null,"ScoringSummaryAfterQuestions":0,"ScoringSummaryAfterSurvey":0,"DefaultScoringCategory":null,"AutoScoringCategory":null}},{"SurveyID":"SV_e4kLGhDbhhpJ6CO","Element":"PROJ","PrimaryAttribute":"CORE","SecondaryAttribute":null,"TertiaryAttribute":"1.1.0","Payload":{"ProjectCategory":"CORE","SchemaVersion":"1.1.0"}},{"SurveyID":"SV_e4kLGhDbhhpJ6CO","Element":"STAT","PrimaryAttribute":"Survey Statistics","SecondaryAttribute":null,"TertiaryAttribute":null,"Payload":{"MobileCompatible":true,"ID":"Survey Statistics"}},{"SurveyID":"SV_e4kLGhDbhhpJ6CO","Element":"SQ","PrimaryAttribute":"QID1","SecondaryAttribute":"${lm:\/\/Field\/2}","TertiaryAttribute":null,"Payload":{"QuestionText":"<div id=\"stroopstim\" class=\"stroopstim\" style=\"text-align:center; font-size:1.8em\">\n${lm:\/\/Field\/2}\n<\/div>","DataExportTag":"stimulus","QuestionType":"MC","Selector":"SAVR","SubSelector":"TX","Configuration":{"QuestionDescriptionOption":"UseText"},"QuestionDescription":"${lm:\/\/Field\/2}","Choices":{"1":{"Display":"Yellow"},"2":{"Display":"Red"},"4":{"Display":"Green"},"5":{"Display":"Blue"}},"ChoiceOrder":[1,2,"5",4],"Validation":{"Settings":{"ForceResponse":"OFF","Type":"None"}},"Language":[],"NextChoiceId":8,"NextAnswerId":1,"QuestionID":"QID1","DataVisibility":{"Private":false,"Hidden":false},"DynamicChoicesData":[],"QuestionJS":"Qualtrics.SurveyEngine.addOnload(function()\n{\n\tQualtrics.SurveyEngine.setEmbeddedData('stroop_last', -1) \n\n\t\/*Place your JavaScript here to run when the page loads*\/\n\n});\n\nQualtrics.SurveyEngine.addOnReady(function()\n{\n\tvar colors=[\n\t\t\"yellow\",\n\t\t\"red\",\n\t\t\"blue\",\n\t\t\"green\"\n\t\t];\n\t\n    jQuery(\"#Buttons\").hide();\n\tvar color='${lm:\/\/Field\/3}'\n\tjQuery(\"#stroopstim\").css('color', color);\n\n    this.questionclick = function(event, element) {\n\t\t var correct = '${lm:\/\/Field\/3}'\n\t\t var choice = Number(this.getChoiceRecodeValue(this.getSelectedChoices()));\n\t\t var choiceval=colors[(choice-1)];\n      \n\t\tif (choiceval===correct)\n\t\t\tQualtrics.SurveyEngine.setEmbeddedData('stroop_last', 1) \n\t\telse\n\t\t\tQualtrics.SurveyEngine.setEmbeddedData('stroop_last', 0) \n\t\t\t\n\t\t\n\t\t   console.log(\"choice:\"+choice+\"  correct:\"+correct+\" choiceval:\"+choiceval+\" last:\"+'${e:\/\/Field\/stroop_last}');\n          this.clickNextButton();\n    };\n});\n\t\t\t\t\t\t\t\t  \nQualtrics.SurveyEngine.addOnUnload(function() {});"}},{"SurveyID":"SV_e4kLGhDbhhpJ6CO","Element":"SQ","PrimaryAttribute":"QID10","SecondaryAttribute":"(hidden by js) save if answer correct","TertiaryAttribute":null,"Payload":{"QuestionText":"(hidden by js) save if answer correct<br>","QuestionJS":"Qualtrics.SurveyEngine.addOnload(function()\n{\n\t\/*Place your JavaScript here to run when the page loads*\/\n\n});\n\nQualtrics.SurveyEngine.addOnReady(function()\n{\n\n\t\t var field = '${e:\/\/Field\/stroop_last}'\n\t\t jQuery(\"#\"+this.questionId).hide();\n\t\t jQuery(\"#\"+this.questionId+\" .InputText\").val(field);\n\t    console.log(\"saving correct as \"+ field);\n    \n\n});\n\nQualtrics.SurveyEngine.addOnUnload(function()\n{\n\t\/*Place your JavaScript here to run when the page is unloaded*\/\n\n});","DefaultChoices":false,"DataExportTag":"stroop_correct","QuestionType":"TE","Selector":"SL","DataVisibility":{"Private":false,"Hidden":false},"Configuration":{"QuestionDescriptionOption":"UseText"},"QuestionDescription":"(hidden by js) save if answer correct","Validation":{"Settings":{"ForceResponse":"OFF","Type":"None"}},"GradingData":[],"Language":[],"NextChoiceId":4,"NextAnswerId":1,"SearchSource":{"AllowFreeResponse":"false"},"QuestionID":"QID10"}},{"SurveyID":"SV_e4kLGhDbhhpJ6CO","Element":"SQ","PrimaryAttribute":"QID7","SecondaryAttribute":"(hidden by js) save input color","TertiaryAttribute":null,"Payload":{"QuestionText":"(hidden by js) save input color<br>","DefaultChoices":false,"DataExportTag":"stroop_color","QuestionType":"TE","Selector":"SL","Configuration":{"QuestionDescriptionOption":"UseText"},"QuestionDescription":"(hidden by js) save input color","Validation":{"Settings":{"ForceResponse":"OFF","Type":"None"}},"GradingData":[],"Language":[],"NextChoiceId":4,"NextAnswerId":1,"SearchSource":{"AllowFreeResponse":"false"},"QuestionID":"QID7","QuestionJS":"Qualtrics.SurveyEngine.addOnload(function()\n{\n\t\/*Place your JavaScript here to run when the page loads*\/\n\n});\n\nQualtrics.SurveyEngine.addOnReady(function()\n{\n\n\t\t var field = '${lm:\/\/Field\/3}'\n\t\t jQuery(\"#\"+this.questionId).hide();\n\t\t jQuery(\"#\"+this.questionId+\" .InputText\").val(field);\n\t    console.log(\"saving color as \"+ field);\n    \n\n});\n\nQualtrics.SurveyEngine.addOnUnload(function()\n{\n\t\/*Place your JavaScript here to run when the page is unloaded*\/\n\n});"}},{"SurveyID":"SV_e4kLGhDbhhpJ6CO","Element":"SQ","PrimaryAttribute":"QID8","SecondaryAttribute":"(hidden by js) save input word","TertiaryAttribute":null,"Payload":{"QuestionText":"(hidden by js) save input word<br>","QuestionJS":"Qualtrics.SurveyEngine.addOnload(function()\n{\n\t\/*Place your JavaScript here to run when the page loads*\/\n\n});\n\nQualtrics.SurveyEngine.addOnReady(function()\n{\n\n\t\t var field = '${lm:\/\/Field\/2}'\n\t\t jQuery(\"#\"+this.questionId).hide();\n\t\t jQuery(\"#\"+this.questionId+\" .InputText\").val(field);\n\t    console.log(\"saving word as \"+ field);\n    \n\n});\n\nQualtrics.SurveyEngine.addOnUnload(function()\n{\n\t\/*Place your JavaScript here to run when the page is unloaded*\/\n\n});","DefaultChoices":false,"DataExportTag":"stroop_word","QuestionType":"TE","Selector":"SL","DataVisibility":{"Private":false,"Hidden":false},"Configuration":{"QuestionDescriptionOption":"UseText"},"QuestionDescription":"(hidden by js) save input word","Validation":{"Settings":{"ForceResponse":"OFF","Type":"None"}},"GradingData":[],"Language":[],"NextChoiceId":4,"NextAnswerId":1,"SearchSource":{"AllowFreeResponse":"false"},"QuestionID":"QID8"}},{"SurveyID":"SV_e4kLGhDbhhpJ6CO","Element":"SQ","PrimaryAttribute":"QID9","SecondaryAttribute":"(hidden by js) save stimuli congruence","TertiaryAttribute":null,"Payload":{"QuestionText":"(hidden by js) save stimuli congruence<br>","QuestionJS":"Qualtrics.SurveyEngine.addOnload(function()\n{\n\t\/*Place your JavaScript here to run when the page loads*\/\n\n});\n\nQualtrics.SurveyEngine.addOnReady(function()\n{\n\n\t\t var field = '${lm:\/\/Field\/4}'\n\t\t jQuery(\"#\"+this.questionId).hide();\n\t\t jQuery(\"#\"+this.questionId+\" .InputText\").val(field);\n\t    console.log(\"saving congruence as \"+ field);\n    \n\n});\n\nQualtrics.SurveyEngine.addOnUnload(function()\n{\n\t\/*Place your JavaScript here to run when the page is unloaded*\/\n\n});","DefaultChoices":false,"DataExportTag":"stroop_cong","QuestionType":"TE","Selector":"SL","DataVisibility":{"Private":false,"Hidden":false},"Configuration":{"QuestionDescriptionOption":"UseText"},"QuestionDescription":"(hidden by js) save stimuli congruence","Validation":{"Settings":{"ForceResponse":"OFF","Type":"None"}},"GradingData":[],"Language":[],"NextChoiceId":4,"NextAnswerId":1,"SearchSource":{"AllowFreeResponse":"false"},"QuestionID":"QID9"}},{"SurveyID":"SV_e4kLGhDbhhpJ6CO","Element":"QC","PrimaryAttribute":"Survey Question Count","SecondaryAttribute":"11","TertiaryAttribute":null,"Payload":null},{"SurveyID":"SV_e4kLGhDbhhpJ6CO","Element":"SQ","PrimaryAttribute":"QID3","SecondaryAttribute":"Correct","TertiaryAttribute":null,"Payload":{"QuestionText":"<div style=\"text-align:center; font-size:1.2em\">\nCorrect\n<\/div>","DefaultChoices":false,"DataExportTag":"ok","QuestionType":"DB","Selector":"TB","Configuration":{"QuestionDescriptionOption":"UseText"},"QuestionDescription":"Correct","ChoiceOrder":[],"Validation":{"Settings":{"Type":"None"}},"GradingData":[],"Language":[],"NextChoiceId":4,"NextAnswerId":1,"QuestionID":"QID3","QuestionJS":"Qualtrics.SurveyEngine.addOnload(function()\n{\n\t\/*Place your JavaScript here to run when the page loads*\/\n\n});\n\nQualtrics.SurveyEngine.addOnReady(function()\n{\n\tvar stroop_last='${e:\/\/Field\/stroop_last}'\n\tconsole.log(stroop_last);\n\tjQuery('#Buttons').hide();\n \tjQuery('#NextButton').hide();\n\n});\n\nQualtrics.SurveyEngine.addOnUnload(function()\n{\n\t\/*Place your JavaScript here to run when the page is unloaded*\/\n\n});","DataVisibility":{"Private":false,"Hidden":false},"DisplayLogic":{"0":{"0":{"Description":"<span class=\"ConjDesc\">If<\/span>  <span class=\"LeftOpDesc\">stroop_last<\/span> <span class=\"OpDesc\">Is Equal to<\/span> <span class=\"RightOpDesc\"> 1 <\/span>","LeftOperand":"stroop_last","LogicType":"EmbeddedField","Operator":"EqualTo","RightOperand":"1","Type":"Expression"},"Type":"If"},"Type":"BooleanExpression","inPage":false}}},{"SurveyID":"SV_e4kLGhDbhhpJ6CO","Element":"SQ","PrimaryAttribute":"QID11","SecondaryAttribute":"In this section, you will be presented with words corresponding to color names on the screen. Eac...","TertiaryAttribute":null,"Payload":{"QuestionText":"<div>In this section, you will be presented with words corresponding to color names on the screen. Each word will be colored differently. For example, the word &quot;Green&quot;&nbsp; might be colored red (&quot;<span style=\"color:#c0392b;\">Green<\/span>&quot;), yellow (&quot;<span style=\"color:#f1c40f;\">Green<\/span>&quot;), blue (&quot;<span style=\"color:#2980b9;\">Green<\/span>&quot;), or green (&quot;<span style=\"color:#27ae60;\">Green<\/span>&quot;). Your task is to indicate as quickly as possible the color in which the word appears, not the meaning of the word.&nbsp;<\/div>\n\n<div>&nbsp;<\/div>\n\n<div><img src=\"https:\/\/psicologiaunimib.qualtrics.com\/CP\/Graphic.php?IM=IM_3948vVjFp9By914\" \/><\/div>\n\n<div>&nbsp;<\/div>\nSo, if the word &quot;<span style=\"color:#c0392b;\">Green<\/span>&quot; appears on the screen, you should respond with &quot;Red&quot; , and if &quot;<span style=\"color:#2980b9;\">Verde<\/span>&quot; appears, you should respond with &quot;Blue&quot;, and so on. Try to provide accurate answers as quickly as possible.<br \/>\n<br \/>\nYou have a maximum of 15 seconds to respond for each word. Press &quot;Start&quot; when you are ready.","DefaultChoices":false,"DataExportTag":"Q11","QuestionType":"DB","Selector":"TB","Configuration":{"QuestionDescriptionOption":"UseText"},"QuestionDescription":"In this section, you will be presented with words corresponding to color names on the screen. Eac...","ChoiceOrder":[],"Validation":{"Settings":{"Type":"None"}},"GradingData":[],"Language":[],"NextChoiceId":4,"NextAnswerId":1,"QuestionID":"QID11","QuestionJS":"Qualtrics.SurveyEngine.addOnload(function()\n{\n\t\/*Place your JavaScript here to run when the page loads*\/\n\n});\n\nQualtrics.SurveyEngine.addOnReady(function()\n{\n\n\t     jQuery('#NextButton').attr(\"title\",'Start');\n\t     jQuery('#NextButton').attr(\"value\",'Start');\n\n});\n\nQualtrics.SurveyEngine.addOnUnload(function()\n{\n\t\/*Place your JavaScript here to run when the page is unloaded*\/\n\n});","DataVisibility":{"Private":false,"Hidden":false}}},{"SurveyID":"SV_e4kLGhDbhhpJ6CO","Element":"SQ","PrimaryAttribute":"QID6","SecondaryAttribute":"Not correct. You should answer with 15 seconds","TertiaryAttribute":null,"Payload":{"QuestionText":"<div style=\"text-align:center; font-size:1.2em\">\nNot correct. You should answer with 15 seconds<br>\n<\/div>","DefaultChoices":false,"DataExportTag":"tooslow","QuestionType":"DB","Selector":"TB","Configuration":{"QuestionDescriptionOption":"UseText"},"QuestionDescription":"Not correct. You should answer with 15 seconds","ChoiceOrder":[],"Validation":{"Settings":{"Type":"None"}},"GradingData":[],"Language":[],"NextChoiceId":4,"NextAnswerId":1,"QuestionID":"QID6","DisplayLogic":{"0":{"0":{"Description":"<span class=\"ConjDesc\">If<\/span>  <span class=\"LeftOpDesc\">stroop_last<\/span> <span class=\"OpDesc\">Is Equal to<\/span> <span class=\"RightOpDesc\"> -1 <\/span>","LeftOperand":"stroop_last","LogicType":"EmbeddedField","Operator":"EqualTo","RightOperand":"-1","Type":"Expression"},"Type":"If"},"Type":"BooleanExpression","inPage":false},"DataVisibility":{"Private":false,"Hidden":false},"QuestionJS":"Qualtrics.SurveyEngine.addOnload(function()\n{\n\t\/*Place your JavaScript here to run when the page loads*\/\n\n});\n\nQualtrics.SurveyEngine.addOnReady(function()\n{\n\t\n\t\tjQuery('#Buttons').hide();\n \tjQuery('#NextButton').hide();\n\n\t\/*Place your JavaScript here to run when the page is fully displayed*\/\n\n});\n\nQualtrics.SurveyEngine.addOnUnload(function()\n{\n\t\/*Place your JavaScript here to run when the page is unloaded*\/\n\n});"}},{"SurveyID":"SV_e4kLGhDbhhpJ6CO","Element":"SQ","PrimaryAttribute":"QID5","SecondaryAttribute":"Not Corrett. You should answer based on the color of the word","TertiaryAttribute":null,"Payload":{"QuestionText":"<div style=\"text-align:center; font-size:1.2em\">\nNot Corrett. You should answer based on the color of the word\n<\/div>","DefaultChoices":false,"DataExportTag":"notok","QuestionType":"DB","Selector":"TB","Configuration":{"QuestionDescriptionOption":"UseText"},"QuestionDescription":"Not Corrett. You should answer based on the color of the word","ChoiceOrder":[],"Validation":{"Settings":{"Type":"None"}},"GradingData":[],"Language":[],"NextChoiceId":4,"NextAnswerId":1,"QuestionID":"QID5","DisplayLogic":{"0":{"0":{"Description":"<span class=\"ConjDesc\">If<\/span>  <span class=\"LeftOpDesc\">stroop_last<\/span> <span class=\"OpDesc\">Is Equal to<\/span> <span class=\"RightOpDesc\"> 0 <\/span>","LeftOperand":"stroop_last","LogicType":"EmbeddedField","Operator":"EqualTo","RightOperand":"0","Type":"Expression"},"Type":"If"},"Type":"BooleanExpression","inPage":false},"DataVisibility":{"Private":false,"Hidden":false},"QuestionJS":"Qualtrics.SurveyEngine.addOnload(function()\n{\n\t\/*Place your JavaScript here to run when the page loads*\/\n\n});\n\nQualtrics.SurveyEngine.addOnReady(function()\n{\n\t\n\t\tjQuery('#Buttons').hide();\n    \tjQuery('#NextButton').hide();\n\n\t\n});\n\nQualtrics.SurveyEngine.addOnUnload(function()\n{\n\t\/*Place your JavaScript here to run when the page is unloaded*\/\n\n});"}},{"SurveyID":"SV_e4kLGhDbhhpJ6CO","Element":"SQ","PrimaryAttribute":"QID2","SecondaryAttribute":"Timing","TertiaryAttribute":null,"Payload":{"QuestionText":"Timing","DefaultChoices":false,"DataExportTag":"time","QuestionType":"Timing","Selector":"I","Configuration":{"QuestionDescriptionOption":"UseText","MaxSeconds":15,"CountDirection":"Incrementing"},"QuestionDescription":"Timing","Choices":{"1":{"Display":"First Click"},"2":{"Display":"Last Click"},"3":{"Display":"Page Submit"},"4":{"Display":"Click Count"}},"GradingData":[],"Language":[],"NextChoiceId":128,"NextAnswerId":1,"QuestionID":"QID2","DataVisibility":{"Private":false,"Hidden":false}}},{"SurveyID":"SV_e4kLGhDbhhpJ6CO","Element":"SQ","PrimaryAttribute":"QID4","SecondaryAttribute":"Timing","TertiaryAttribute":null,"Payload":{"QuestionText":"Timing","DefaultChoices":false,"DataExportTag":"timing","QuestionType":"Timing","Selector":"I","Configuration":{"QuestionDescriptionOption":"UseText","MinSeconds":20,"MaxSeconds":2,"CountDirection":"Incrementing"},"QuestionDescription":"Timing","Choices":{"1":{"Display":"First Click"},"2":{"Display":"Last Click"},"3":{"Display":"Page Submit"},"4":{"Display":"Click Count"}},"GradingData":[],"Language":[],"NextChoiceId":136,"NextAnswerId":1,"QuestionID":"QID4","DataVisibility":{"Private":false,"Hidden":false}}}]}