{"SurveyEntry":{"SurveyID":"SV_cGbYO4cSHNDyIHI","SurveyName":"Digit Span (Eng)","SurveyDescription":null,"SurveyOwnerID":"UR_eQdC30JTy9N8pmZ","SurveyBrandID":"psicologiaunimib","DivisionID":"DV_emJH9L5JJOSQ6nI","SurveyLanguage":"EN","SurveyActiveResponseSet":"RS_9peC1wbIqgyslG6","SurveyStatus":"Inactive","SurveyStartDate":"0000-00-00 00:00:00","SurveyExpirationDate":"0000-00-00 00:00:00","SurveyCreationDate":"2023-06-09 08:30:55","CreatorID":"UR_eQdC30JTy9N8pmZ","LastModified":"2023-06-09 08:37:50","LastAccessed":"0000-00-00 00:00:00","LastActivated":"0000-00-00 00:00:00","Deleted":null},"SurveyElements":[{"SurveyID":"SV_cGbYO4cSHNDyIHI","Element":"BL","PrimaryAttribute":"Survey Blocks","SecondaryAttribute":null,"TertiaryAttribute":null,"Payload":{"1":{"Type":"Trash","Description":"Trash \/ Unused Questions","ID":"BL_cZ8YX98CcgczIJ8","BlockElements":[]},"2":{"Type":"Standard","SubType":"","Description":"Digit Span (mc)","ID":"BL_4YDypeGFfqQ46Bo","BlockElements":[{"Type":"Question","QuestionID":"QID1212515505"},{"Type":"Page Break"},{"Type":"Question","QuestionID":"QID1212515506"},{"Type":"Page Break"},{"Type":"Question","QuestionID":"QID1212515507"},{"Type":"Question","QuestionID":"QID1212515508"}],"Options":{"BlockLocking":false,"RandomizeQuestions":"false"}},"3":{"Type":"Standard","SubType":"","Description":"Digit Span Reverse (mc)","ID":"BL_9RlgDrVoYaFbRz0","BlockElements":[{"Type":"Page Break"},{"Type":"Question","QuestionID":"QID1212515509"},{"Type":"Page Break"},{"Type":"Question","QuestionID":"QID1212515510"},{"Type":"Page Break"},{"Type":"Question","QuestionID":"QID1212515511"},{"Type":"Question","QuestionID":"QID1212515512"}],"Options":{"BlockLocking":false,"RandomizeQuestions":"false"}},"4":{"Type":"Standard","SubType":"","Description":"Digit Span Intro","ID":"BL_0uh4Cwb8yKczhrg","BlockElements":[{"Type":"Question","QuestionID":"QID1212515513"},{"Type":"Page Break"},{"Type":"Question","QuestionID":"QID1212515514"},{"Type":"Question","QuestionID":"QID1212515515"}]},"5":{"Type":"Standard","SubType":"","Description":"Digit Span Rev Intro","ID":"BL_eXxtPn13zwFnFv8","BlockElements":[{"Type":"Question","QuestionID":"QID1212515516"},{"Type":"Page Break"},{"Type":"Question","QuestionID":"QID1212515517"},{"Type":"Question","QuestionID":"QID1212515518"}]}}},{"SurveyID":"SV_cGbYO4cSHNDyIHI","Element":"FL","PrimaryAttribute":"Survey Flow","SecondaryAttribute":null,"TertiaryAttribute":null,"Payload":{"Flow":[{"Type":"EmbeddedData","FlowID":"FL_3","EmbeddedData":[{"Description":"span","Type":"Custom","Field":"span","VariableType":"String","DataVisibility":[],"AnalyzeText":false,"Value":"2"},{"Description":"errors","Type":"Custom","Field":"errors","VariableType":"String","DataVisibility":[],"AnalyzeText":false,"Value":"0"},{"Description":"spanr","Type":"Custom","Field":"spanr","VariableType":"String","DataVisibility":[],"AnalyzeText":false,"Value":"2"},{"Description":"pcorrect","Type":"Custom","Field":"pcorrect","VariableType":"String","DataVisibility":[],"AnalyzeText":false,"Value":"1"},{"Description":"show","Type":"Custom","Field":"show","VariableType":"String","DataVisibility":[],"AnalyzeText":false,"Value":"1"},{"Description":"ds_screentime","Type":"Custom","Field":"ds_screentime","VariableType":"String","DataVisibility":[],"AnalyzeText":false,"Value":"1000"}]},{"Type":"Standard","ID":"BL_0uh4Cwb8yKczhrg","FlowID":"FL_4","Autofill":[]},{"Type":"Standard","ID":"BL_4YDypeGFfqQ46Bo","FlowID":"FL_5","Autofill":[]},{"Type":"Standard","ID":"BL_eXxtPn13zwFnFv8","FlowID":"FL_6","Autofill":[]},{"Type":"Standard","ID":"BL_9RlgDrVoYaFbRz0","FlowID":"FL_7","Autofill":[]},{"Type":"EndSurvey","FlowID":"FL_8","EndingType":"Advanced","Options":{"Advanced":"true","SurveyTermination":"DefaultMessage","EOSRedirectURL":"https:\/\/psicologiaunimib.qualtrics.com\/jfe\/form\/SV_bxEDSUv6n01h7Zs?personId=1"}}],"Properties":{"Count":8},"FlowID":"FL_1","Type":"Root"}},{"SurveyID":"SV_cGbYO4cSHNDyIHI","Element":"PL","PrimaryAttribute":"Preview Link","SecondaryAttribute":null,"TertiaryAttribute":null,"Payload":{"PreviewType":"Brand","PreviewID":"13ea2aed-2726-4844-9500-93c0276d522a"}},{"SurveyID":"SV_cGbYO4cSHNDyIHI","Element":"SO","PrimaryAttribute":"Survey Options","SecondaryAttribute":null,"TertiaryAttribute":null,"Payload":{"BackButton":"false","SaveAndContinue":"true","SurveyProtection":"PublicSurvey","BallotBoxStuffingPrevention":"false","NoIndex":"Yes","SecureResponseFiles":"true","SurveyExpiration":"None","SurveyTermination":"DefaultMessage","Header":"","Footer":"","ProgressBarDisplay":"None","PartialData":"+1 week","ValidationMessage":"","PreviousButton":"","NextButton":"","SurveyTitle":"Qualtrics Survey | Qualtrics Experience Management","SkinLibrary":"psicologiaunimib","SkinType":"templated","Skin":{"brandingId":null,"templateId":"*2014","overrides":null},"NewScoring":1,"SurveyMetaDescription":"The most powerful, simple and trusted way to gather experience data. Start your journey to experience management and try a free account today."}},{"SurveyID":"SV_cGbYO4cSHNDyIHI","Element":"SCO","PrimaryAttribute":"Scoring","SecondaryAttribute":null,"TertiaryAttribute":null,"Payload":{"ScoringCategories":[],"ScoringCategoryGroups":[],"ScoringSummaryCategory":null,"ScoringSummaryAfterQuestions":0,"ScoringSummaryAfterSurvey":0,"DefaultScoringCategory":null,"AutoScoringCategory":null}},{"SurveyID":"SV_cGbYO4cSHNDyIHI","Element":"PROJ","PrimaryAttribute":"CORE","SecondaryAttribute":null,"TertiaryAttribute":"1.1.0","Payload":{"ProjectCategory":"CORE","SchemaVersion":"1.1.0"}},{"SurveyID":"SV_cGbYO4cSHNDyIHI","Element":"STAT","PrimaryAttribute":"Survey Statistics","SecondaryAttribute":null,"TertiaryAttribute":null,"Payload":{"MobileCompatible":true,"ID":"Survey Statistics"}},{"SurveyID":"SV_cGbYO4cSHNDyIHI","Element":"SQ","PrimaryAttribute":"QID1212515505","SecondaryAttribute":"+","TertiaryAttribute":null,"Payload":{"QuestionText":"<div id=\"adigit\">\n+\n<\/div>","DefaultChoices":false,"DataExportTag":"show digits","QuestionType":"DB","Selector":"TB","Configuration":{"QuestionDescriptionOption":"UseText"},"QuestionDescription":"+","ChoiceOrder":[],"Validation":{"Settings":{"Type":"None"}},"GradingData":[],"Language":[],"NextChoiceId":4,"NextAnswerId":1,"DataVisibility":{"Private":false,"Hidden":false},"QuestionJS":"Qualtrics.SurveyEngine.addOnload(function()\n{\n      \n\n});\n\nQualtrics.SurveyEngine.addOnReady(function()\n{\n\tjQuery('#Buttons').hide();\n \tjQuery('#NextButton').hide();\n\t\n\tvar atime=Number('${e:\/\/Field\/ds_screentime}');\n\n\tvar span=  Number('${e:\/\/Field\/span}');\n\tvar ndigits= span+1\n\tvar nexttime = ndigits*atime+(atime\/2);\n\t\n\t\/\/ we cannot access a specific LM field programmatically, so \n\t\/\/ we need to save them all in an array and then access the values of the array\n\tvar values = [\n\t\t'${lm:\/\/Field\/1}',\n\t\t'${lm:\/\/Field\/2}',\n\t\t'${lm:\/\/Field\/3}',\n\t\t'${lm:\/\/Field\/4}',\n\t\t'${lm:\/\/Field\/5}',\n\t\t'${lm:\/\/Field\/6}',\n\t\t'${lm:\/\/Field\/7}',\n\t\t'${lm:\/\/Field\/8}',\n\t\t'${lm:\/\/Field\/9}'\t\t\n\t\t];\n\n\tvar k=0;\n    function one(){\n    \t    var field = values[k];\n    \t\tjQuery(\"#adigit\").html( field);\n\t    \tk = k +1 \t\n\t\t    if (k===ndigits) clearInterval(id);\n\t\t\n\t};\n\tconst id = setInterval(one, atime);\n\t\t\t\t  \n\t\n\n \/\/\t\t\t\t         \t\nconsole.log(\"one done\");\n\tsetTimeout(function (){  \n        \tjQuery('#NextButton').click();\n   }, nexttime); \n\t\n\t\n});\n\nQualtrics.SurveyEngine.addOnUnload(function()\n{\n\t\/*Place your JavaScript here to run when the page is unloaded*\/\n\n});","DisplayLogic":{"0":{"0":{"Description":"<span class=\"ConjDesc\">If<\/span>  <span class=\"LeftOpDesc\">show<\/span> <span class=\"OpDesc\">Is Equal to<\/span> <span class=\"RightOpDesc\"> 1 <\/span>","LeftOperand":"show","LogicType":"EmbeddedField","Operator":"EqualTo","RightOperand":"1","Type":"Expression"},"Type":"If"},"Type":"BooleanExpression","inPage":false},"QuestionText_Unsafe":"<div id=\"adigit\">\n+\n<\/div>","QuestionID":"QID1212515505"}},{"SurveyID":"SV_cGbYO4cSHNDyIHI","Element":"SQ","PrimaryAttribute":"QID1212515507","SecondaryAttribute":"+","TertiaryAttribute":null,"Payload":{"QuestionText":"<div id=\"adigit\">\n+\n<\/div>","DefaultChoices":false,"DataExportTag":"fixation","QuestionType":"DB","Selector":"TB","Configuration":{"QuestionDescriptionOption":"UseText"},"QuestionDescription":"+","ChoiceOrder":[],"Validation":{"Settings":{"Type":"None"}},"GradingData":[],"Language":[],"NextChoiceId":4,"NextAnswerId":1,"QuestionJS":"Qualtrics.SurveyEngine.addOnload(function()\n{\n\t\tjQuery('#Buttons').hide();\n    \tjQuery('#NextButton').hide();\n\n\n});\n\nQualtrics.SurveyEngine.addOnReady(function()\n{\n\t\tjQuery('#Buttons').hide();\n    \tjQuery('#NextButton').hide();\n\n\n});\n\nQualtrics.SurveyEngine.addOnUnload(function()\n{\n\t\/*Place your JavaScript here to run when the page is unloaded*\/\n\n});","DataVisibility":{"Private":false,"Hidden":false},"DisplayLogic":{"0":{"0":{"LogicType":"EmbeddedField","LeftOperand":"errors","Operator":"LessThan","RightOperand":"4","Type":"Expression","Description":"<span class=\"ConjDesc\">If<\/span>  <span class=\"LeftOpDesc\">errors<\/span> <span class=\"OpDesc\">Is Less Than<\/span> <span class=\"RightOpDesc\"> 4 <\/span>"},"Type":"If"},"Type":"BooleanExpression","inPage":false},"QuestionText_Unsafe":"<div id=\"adigit\">\n+\n<\/div>","QuestionID":"QID1212515507"}},{"SurveyID":"SV_cGbYO4cSHNDyIHI","Element":"SQ","PrimaryAttribute":"QID1212515509","SecondaryAttribute":"+","TertiaryAttribute":null,"Payload":{"QuestionText":"<div id=\"adigit\">\n+\n<\/div>","DefaultChoices":false,"QuestionType":"DB","Selector":"TB","Configuration":{"QuestionDescriptionOption":"UseText"},"QuestionDescription":"+","ChoiceOrder":[],"Validation":{"Settings":{"Type":"None"}},"GradingData":[],"Language":[],"NextChoiceId":4,"NextAnswerId":1,"DataVisibility":{"Private":false,"Hidden":false},"QuestionJS":"Qualtrics.SurveyEngine.addOnload(function()\n{\n      \n\n});\n\nQualtrics.SurveyEngine.addOnReady(function()\n{\n\tjQuery('#Buttons').hide();\n \tjQuery('#NextButton').hide();\n\t\n\tvar atime=Number('${e:\/\/Field\/ds_screentime}');\n\n\tvar span=  Number('${e:\/\/Field\/spanr}');\n\tvar ndigits= span+1\n\tvar nexttime = ndigits*atime+(atime\/2);\n\t\n\t\/\/ we cannot access a specific LM field programmatically, so \n\t\/\/ we need to save them all in an array and then access the values of the array\n\tvar values = [\n\t\t'${lm:\/\/Field\/1}',\n\t\t'${lm:\/\/Field\/2}',\n\t\t'${lm:\/\/Field\/3}',\n\t\t'${lm:\/\/Field\/4}',\n\t\t'${lm:\/\/Field\/5}',\n\t\t'${lm:\/\/Field\/6}',\n\t\t'${lm:\/\/Field\/7}',\n\t\t'${lm:\/\/Field\/8}',\n\t\t'${lm:\/\/Field\/9}'\t\t\n\t\t];\n\n\tvar k=0;\n    function one(){\n    \t    var field = values[k];\n    \t\tjQuery(\"#adigit\").html( field);\n\t    \tk = k +1 \t\n\t\t    if (k===ndigits) clearInterval(id);\n\t\t\n\t};\n\tconst id = setInterval(one, atime);\n\t\t\t\t  \n\t\n\n \/\/\t\t\t\t         \t\nconsole.log(\"one done\");\n\tsetTimeout(function (){  \n        \tjQuery('#NextButton').click();\n   }, nexttime); \n\t\n\t\n});\n\nQualtrics.SurveyEngine.addOnUnload(function()\n{\n\t\/*Place your JavaScript here to run when the page is unloaded*\/\n\n});","DisplayLogic":{"0":{"0":{"Description":"<span class=\"ConjDesc\">If<\/span>  <span class=\"LeftOpDesc\">show<\/span> <span class=\"OpDesc\">Is Equal to<\/span> <span class=\"RightOpDesc\"> 1 <\/span>","LeftOperand":"show","LogicType":"EmbeddedField","Operator":"EqualTo","RightOperand":"1","Type":"Expression"},"Type":"If"},"Type":"BooleanExpression","inPage":false},"QuestionText_Unsafe":"<div id=\"adigit\">\n+\n<\/div>","DataExportTag":"digits_r","QuestionID":"QID1212515509"}},{"SurveyID":"SV_cGbYO4cSHNDyIHI","Element":"SQ","PrimaryAttribute":"QID1212515511","SecondaryAttribute":"+","TertiaryAttribute":null,"Payload":{"QuestionText":"<div id=\"adigit\">\n+\n<\/div>","DefaultChoices":false,"QuestionType":"DB","Selector":"TB","Configuration":{"QuestionDescriptionOption":"UseText"},"QuestionDescription":"+","ChoiceOrder":[],"Validation":{"Settings":{"Type":"None"}},"GradingData":[],"Language":[],"NextChoiceId":4,"NextAnswerId":1,"QuestionJS":"Qualtrics.SurveyEngine.addOnload(function()\n{\n\t\tjQuery('#Buttons').hide();\n    \tjQuery('#NextButton').hide();\n\n\n});\n\nQualtrics.SurveyEngine.addOnReady(function()\n{\n\t\tjQuery('#Buttons').hide();\n    \tjQuery('#NextButton').hide();\n\n\n});\n\nQualtrics.SurveyEngine.addOnUnload(function()\n{\n\t\/*Place your JavaScript here to run when the page is unloaded*\/\n\n});","DataVisibility":{"Private":false,"Hidden":false},"QuestionText_Unsafe":"<div id=\"adigit\">\n+\n<\/div>","DataExportTag":"fixation_r2","DisplayLogic":{"0":{"0":{"LogicType":"EmbeddedField","LeftOperand":"errors","Operator":"LessThan","RightOperand":"4","Type":"Expression","Description":"<span class=\"ConjDesc\">If<\/span>  <span class=\"LeftOpDesc\">errors<\/span> <span class=\"OpDesc\">Is Less Than<\/span> <span class=\"RightOpDesc\"> 4 <\/span>"},"Type":"If"},"Type":"BooleanExpression","inPage":false},"QuestionID":"QID1212515511"}},{"SurveyID":"SV_cGbYO4cSHNDyIHI","Element":"SQ","PrimaryAttribute":"QID1212515514","SecondaryAttribute":"+","TertiaryAttribute":null,"Payload":{"QuestionText":"<div id=\"adigit\">\n+\n<\/div>","QuestionJS":"Qualtrics.SurveyEngine.addOnload(function()\n{\n\t\tjQuery('#Buttons').hide();\n    \tjQuery('#NextButton').hide();\n\n\n});\n\nQualtrics.SurveyEngine.addOnReady(function()\n{\n\t\tjQuery('#Buttons').hide();\n    \tjQuery('#NextButton').hide();\n\n\n});\n\nQualtrics.SurveyEngine.addOnUnload(function()\n{\n\t\/*Place your JavaScript here to run when the page is unloaded*\/\n\n});","DefaultChoices":false,"DataExportTag":"fixation","QuestionType":"DB","Selector":"TB","DataVisibility":{"Private":false,"Hidden":false},"Configuration":{"QuestionDescriptionOption":"UseText"},"QuestionDescription":"+","ChoiceOrder":[],"Validation":{"Settings":{"Type":"None"}},"GradingData":[],"Language":[],"NextChoiceId":4,"NextAnswerId":1,"QuestionText_Unsafe":"<div id=\"adigit\">\n+\n<\/div>","QuestionID":"QID1212515514"}},{"SurveyID":"SV_cGbYO4cSHNDyIHI","Element":"SQ","PrimaryAttribute":"QID1212515517","SecondaryAttribute":"+","TertiaryAttribute":null,"Payload":{"QuestionText":"<div id=\"adigit\">\n+\n<\/div>","QuestionJS":"Qualtrics.SurveyEngine.addOnload(function()\n{\n\t\tjQuery('#Buttons').hide();\n    \tjQuery('#NextButton').hide();\n\n\n});\n\nQualtrics.SurveyEngine.addOnReady(function()\n{\n\t\tjQuery('#Buttons').hide();\n    \tjQuery('#NextButton').hide();\n\n\n});\n\nQualtrics.SurveyEngine.addOnUnload(function()\n{\n\t\/*Place your JavaScript here to run when the page is unloaded*\/\n\n});","DefaultChoices":false,"QuestionType":"DB","Selector":"TB","DataVisibility":{"Private":false,"Hidden":false},"Configuration":{"QuestionDescriptionOption":"UseText"},"QuestionDescription":"+","ChoiceOrder":[],"Validation":{"Settings":{"Type":"None"}},"GradingData":[],"Language":[],"NextChoiceId":4,"NextAnswerId":1,"QuestionText_Unsafe":"<div id=\"adigit\">\n+\n<\/div>","DataExportTag":"fixation_r1","QuestionID":"QID1212515517"}},{"SurveyID":"SV_cGbYO4cSHNDyIHI","Element":"QC","PrimaryAttribute":"Survey Question Count","SecondaryAttribute":"15","TertiaryAttribute":null,"Payload":null},{"SurveyID":"SV_cGbYO4cSHNDyIHI","Element":"SQ","PrimaryAttribute":"QID1212515513","SecondaryAttribute":"A sequence of digits will appear rapidly on the screen. Try to remember the order in which they a...","TertiaryAttribute":null,"Payload":{"QuestionText":"A sequence of digits will appear rapidly on the screen. Try to remember the order in which they appear and then type the sequence when prompted. As you progress, the sequence of digits will lengthen. The task will begin with three-digit sequences. Do not write down the numbers as you read them and do not repeat them aloud. When you're ready, click the \"Start\" button.","DefaultChoices":false,"DataExportTag":"Digit span intro","QuestionType":"DB","Selector":"TB","Configuration":{"QuestionDescriptionOption":"UseText"},"QuestionDescription":"A sequence of digits will appear rapidly on the screen. Try to remember the order in which they a...","ChoiceOrder":[],"Validation":{"Settings":{"Type":"None"}},"GradingData":[],"Language":[],"NextChoiceId":4,"NextAnswerId":1,"QuestionJS":"Qualtrics.SurveyEngine.addOnload(function()\n{\n\n\n});\n\nQualtrics.SurveyEngine.addOnReady(function()\n{\n\t\n\t     jQuery('#NextButton').attr(\"title\",'Start');\n\t     jQuery('#NextButton').attr(\"value\",'Start');\n\n\n});\n\nQualtrics.SurveyEngine.addOnUnload(function()\n{\n\t\/*Place your JavaScript here to run when the page is unloaded*\/\n\n});","DataVisibility":{"Private":false,"Hidden":false},"QuestionText_Unsafe":"Una sequenza di numeri apparir\u00e0 rapidamente sullo schermo.\n\nProva a ricordare l'ordine con cui appaiono, quindi digita la sequenza quando richiesto. \n\nMentre svolgi questo compito, la sequenza di numeri si allungher\u00e0. Il compito inizier\u00e0 con sequenze di tre cifre.\n\n Non scrivere i numeri quando li leggi e non ripeterli ad alta voce.\n\n Quando sei pronto, clicca sul bottone \"Inizia\". <br>","QuestionID":"QID1212515513"}},{"SurveyID":"SV_cGbYO4cSHNDyIHI","Element":"RS","PrimaryAttribute":"RS_9peC1wbIqgyslG6","SecondaryAttribute":"Default Response Set","TertiaryAttribute":null,"Payload":null},{"SurveyID":"SV_cGbYO4cSHNDyIHI","Element":"SQ","PrimaryAttribute":"QID1212515506","SecondaryAttribute":"Insert the sequence of digits you just saw","TertiaryAttribute":null,"Payload":{"QuestionText":"Insert the sequence of digits you just saw","DefaultChoices":false,"DataExportTag":"ds_response","QuestionType":"TE","Selector":"SL","DataVisibility":{"Private":false,"Hidden":false},"Configuration":{"QuestionDescriptionOption":"UseText"},"QuestionDescription":"Insert the sequence of digits you just saw","Validation":{"Settings":{"ForceResponse":"OFF","Type":"None"}},"GradingData":[],"Language":[],"NextChoiceId":56,"NextAnswerId":1,"SearchSource":{"AllowFreeResponse":"false"},"QuestionJS":"Qualtrics.SurveyEngine.addOnload(function()\n{\n\t\t \n\t\t  var correct='${lm:\/\/Field\/10}'\n\t\t  console.log(\"correct:\"+correct);\n\n});\n\nQualtrics.SurveyEngine.addOnReady(function()\n{\n\t\/*Place your JavaScript here to run when the page is fully displayed*\/\n\n});\n\nQualtrics.SurveyEngine.addOnUnload(function() {});\n\t\nQualtrics.SurveyEngine.addOnPageSubmit(function()\n{\n\n\nvar span = Number('${e:\/\/Field\/span}')\t\n\nvar qid_01_str = this.questionId;\nvar responseTextField = document.getElementById('QR~' + qid_01_str);\nvar currentResponse = responseTextField.value;\n\n\tif (currentResponse.length>0) {\n            \n\t\t  var correct='${lm:\/\/Field\/10}'\n\n          if (Number(correct)==Number(currentResponse)) {\n                  \t    span=span+1;\n                    \tQualtrics.SurveyEngine.setEmbeddedData('span', span);\n                    \tQualtrics.SurveyEngine.setEmbeddedData('pcorrect', 1);\n      \t                Qualtrics.SurveyEngine.setEmbeddedData('errors', 0);\t\n\n          } else {\n    \t\t\t        var errors = Number('${e:\/\/Field\/errors}')\t\n    \t                Qualtrics.SurveyEngine.setEmbeddedData('pcorrect', 0);\t\n    \t                Qualtrics.SurveyEngine.setEmbeddedData('errors', errors+1);\t\n\t\t\t  \n          }\n\t}    \n\n});","DisplayLogic":{"0":{"0":{"Description":"<span class=\"ConjDesc\">If<\/span>  <span class=\"LeftOpDesc\">show<\/span> <span class=\"OpDesc\">Is Equal to<\/span> <span class=\"RightOpDesc\"> 1 <\/span>","LeftOperand":"show","LogicType":"EmbeddedField","Operator":"EqualTo","RightOperand":"1","Type":"Expression"},"Type":"If"},"Type":"BooleanExpression","inPage":false},"QuestionText_Unsafe":"Inserisci la sequenza di numeri che hai appena visto<br>","QuestionID":"QID1212515506"}},{"SurveyID":"SV_cGbYO4cSHNDyIHI","Element":"SQ","PrimaryAttribute":"QID1212515516","SecondaryAttribute":"Now you should do the same task, but type the digits in reverse sequence compared to how they are...","TertiaryAttribute":null,"Payload":{"QuestionText":"Now you should do the same task, but type the digits in reverse sequence compared to how they are presented to you. For example, if you see the sequence '123', you will need to type the sequence `321'.\n\nPress \"Start\" to begin.","QuestionJS":"Qualtrics.SurveyEngine.addOnload(function()\n{\n\n\n});\n\nQualtrics.SurveyEngine.addOnReady(function()\n{\n\t\n\t     jQuery('#NextButton').attr(\"title\",'Start');\n\t     jQuery('#NextButton').attr(\"value\",'Start');\n\n    \tQualtrics.SurveyEngine.setEmbeddedData('show', 1);\n    \tQualtrics.SurveyEngine.setEmbeddedData('pcorrect', 1);\n    \tQualtrics.SurveyEngine.setEmbeddedData('errors', 0);\n\n\n\n});\n\nQualtrics.SurveyEngine.addOnUnload(function()\n{\n\t\/*Place your JavaScript here to run when the page is unloaded*\/\n\n});","DefaultChoices":false,"DataExportTag":"intro","QuestionType":"DB","Selector":"TB","DataVisibility":{"Private":false,"Hidden":false},"Configuration":{"QuestionDescriptionOption":"UseText"},"QuestionDescription":"Now you should do the same task, but type the digits in reverse sequence compared to how they are...","ChoiceOrder":[],"Validation":{"Settings":{"Type":"None"}},"GradingData":[],"Language":[],"NextChoiceId":4,"NextAnswerId":1,"QuestionText_Unsafe":"<br><div>Ora dovresti fare lo stesso compito, ma inserisci in numeri in sequenza contraria rispetto a come ti vengono presentati. Ad esempio, se vedi la sequenza '123', dovrai inserire la sequenza `321'. <br><\/div><div><br><\/div><div>Premi `Inizia` per cominciare.<br><\/div>","QuestionID":"QID1212515516"}},{"SurveyID":"SV_cGbYO4cSHNDyIHI","Element":"SQ","PrimaryAttribute":"QID1212515510","SecondaryAttribute":"Please enter the sequence of numbers you just saw in reverse order","TertiaryAttribute":null,"Payload":{"QuestionText":"Please enter the sequence of numbers you just saw in reverse order","DefaultChoices":false,"QuestionType":"TE","Selector":"SL","DataVisibility":{"Private":false,"Hidden":false},"Configuration":{"QuestionDescriptionOption":"UseText"},"QuestionDescription":"Please enter the sequence of numbers you just saw in reverse order","Validation":{"Settings":{"ForceResponse":"OFF","Type":"None"}},"GradingData":[],"Language":[],"NextChoiceId":56,"NextAnswerId":1,"SearchSource":{"AllowFreeResponse":"false"},"QuestionJS":"Qualtrics.SurveyEngine.addOnload(function()\n{\n\t\t \n\t\t  var correct='${lm:\/\/Field\/10}'\n\t\t  console.log(\"correct:\"+correct);\n\n});\n\nQualtrics.SurveyEngine.addOnReady(function()\n{\n\t\/*Place your JavaScript here to run when the page is fully displayed*\/\n\n});\n\nQualtrics.SurveyEngine.addOnUnload(function() {});\n\t\nQualtrics.SurveyEngine.addOnPageSubmit(function()\n{\n\n\nvar span = Number('${e:\/\/Field\/spanr}')\t\n\nvar qid_01_str = this.questionId;\nvar responseTextField = document.getElementById('QR~' + qid_01_str);\nvar currentResponse = responseTextField.value;\n\n\tif (currentResponse.length>0) {\n            \n\t\t  var correct='${lm:\/\/Field\/10}'\n\n          if (Number(correct)==Number(currentResponse)) {\n                  \t    span=span+1;\n                    \tQualtrics.SurveyEngine.setEmbeddedData('spanr', span);\n                    \tQualtrics.SurveyEngine.setEmbeddedData('pcorrect', 1);\n      \t                Qualtrics.SurveyEngine.setEmbeddedData('errors', 0);\t\n\n          } else {\n    \t\t\t        var errors = Number('${e:\/\/Field\/errors}')\t\n    \t                Qualtrics.SurveyEngine.setEmbeddedData('pcorrect', 0);\t\n    \t                Qualtrics.SurveyEngine.setEmbeddedData('errors', errors+1);\t\n\t\t\t  \n          }\n\t}    \nconsole.log(correct, ' =  ' + currentResponse + \" spanr:\" + span);\n\n});","DisplayLogic":{"0":{"0":{"Description":"<span class=\"ConjDesc\">If<\/span>  <span class=\"LeftOpDesc\">show<\/span> <span class=\"OpDesc\">Is Equal to<\/span> <span class=\"RightOpDesc\"> 1 <\/span>","LeftOperand":"show","LogicType":"EmbeddedField","Operator":"EqualTo","RightOperand":"1","Type":"Expression"},"Type":"If"},"Type":"BooleanExpression","inPage":false},"QuestionText_Unsafe":"Inserisci la sequenza di numeri che hai appena visto al contrario<br>","DataExportTag":"ds_response_r","QuestionID":"QID1212515510"}},{"SurveyID":"SV_cGbYO4cSHNDyIHI","Element":"SQ","PrimaryAttribute":"QID1212515508","SecondaryAttribute":"Timing","TertiaryAttribute":null,"Payload":{"QuestionText":"Timing","DefaultChoices":false,"DataExportTag":"ds_compute","QuestionType":"Timing","Selector":"I","Configuration":{"QuestionDescriptionOption":"UseText","MinSeconds":2,"MaxSeconds":0.01000000000000000020816681711721685132943093776702880859375,"CountDirection":"Incrementing"},"QuestionDescription":"Timing","Choices":{"1":{"Display":"First Click"},"2":{"Display":"Last Click"},"3":{"Display":"Page Submit"},"4":{"Display":"Click Count"}},"GradingData":[],"Language":[],"NextChoiceId":88,"NextAnswerId":1,"QuestionJS":"Qualtrics.SurveyEngine.addOnload(function()\n{\n\t\/*Place your JavaScript here to run when the page loads*\/\n\n});\n\nQualtrics.SurveyEngine.addOnReady(function()\n{\n\nvar span = Number('${e:\/\/Field\/span}')\t\nvar pcorrect = Number('${e:\/\/Field\/pcorrect}')\t\nvar lmtry = Number('${lm:\/\/Field\/11}')\t\nvar errors = Number('${e:\/\/Field\/errors}')\t\n\nconsole.log(\"span:\"+span+\" pcorrect:\"+pcorrect+\" lmtry:\"+lmtry+' errors'+errors);\nQualtrics.SurveyEngine.setEmbeddedData('show', 0);\n\n \n if (pcorrect===1 && lmtry==3)  { \n              \tQualtrics.SurveyEngine.setEmbeddedData('show', 1);\n   }\nif (pcorrect===0 && lmtry<3)  { \n              \tQualtrics.SurveyEngine.setEmbeddedData('show', 1);\n   }\nif (errors>2)  { \n              \tQualtrics.SurveyEngine.setEmbeddedData('errors', 4);\t            \n              \tQualtrics.SurveyEngine.setEmbeddedData('show', 0);\n   }\n\nif (span===9)  { \n              \tQualtrics.SurveyEngine.setEmbeddedData('show', 0);\n   }\n\n});\n\nQualtrics.SurveyEngine.addOnUnload(function()\n{\n\t\/*Place your JavaScript here to run when the page is unloaded*\/\n\n});","DataVisibility":{"Private":false,"Hidden":false},"DisplayLogic":{"0":{"0":{"Description":"<span class=\"ConjDesc\">If<\/span>  <span class=\"LeftOpDesc\">errors<\/span> <span class=\"OpDesc\">Is Less Than<\/span> <span class=\"RightOpDesc\"> 4 <\/span>","LeftOperand":"errors","LogicType":"EmbeddedField","Operator":"LessThan","RightOperand":"4","Type":"Expression"},"Type":"If"},"Type":"BooleanExpression","inPage":false},"QuestionText_Unsafe":"Timing","QuestionID":"QID1212515508"}},{"SurveyID":"SV_cGbYO4cSHNDyIHI","Element":"SQ","PrimaryAttribute":"QID1212515512","SecondaryAttribute":"Timing","TertiaryAttribute":null,"Payload":{"QuestionText":"Timing","DefaultChoices":false,"QuestionType":"Timing","Selector":"I","Configuration":{"QuestionDescriptionOption":"UseText","MinSeconds":2,"MaxSeconds":0.01000000000000000020816681711721685132943093776702880859375,"CountDirection":"Incrementing"},"QuestionDescription":"Timing","Choices":{"1":{"Display":"First Click"},"2":{"Display":"Last Click"},"3":{"Display":"Page Submit"},"4":{"Display":"Click Count"}},"GradingData":[],"Language":[],"NextChoiceId":108,"NextAnswerId":1,"QuestionJS":"Qualtrics.SurveyEngine.addOnload(function()\n{\n\t\/*Place your JavaScript here to run when the page loads*\/\n\n});\n\nQualtrics.SurveyEngine.addOnReady(function()\n{\n\nvar span = Number('${e:\/\/Field\/spanr}')\t\nvar pcorrect = Number('${e:\/\/Field\/pcorrect}')\t\nvar lmtry = Number('${lm:\/\/Field\/11}')\t\nvar errors = Number('${e:\/\/Field\/errors}')\t\n\nconsole.log(\"span:\"+span+\" pcorrect:\"+pcorrect+\" lmtry:\"+lmtry+' errors'+errors);\nQualtrics.SurveyEngine.setEmbeddedData('show', 0);\n\n \n if (pcorrect===1 && lmtry==3)  { \n              \tQualtrics.SurveyEngine.setEmbeddedData('show', 1);\n   }\nif (pcorrect===0 && lmtry<3)  { \n              \tQualtrics.SurveyEngine.setEmbeddedData('show', 1);\n   }\nif (errors>2)  { \n              \tQualtrics.SurveyEngine.setEmbeddedData('errors', 4);\t            \n              \tQualtrics.SurveyEngine.setEmbeddedData('show', 0);\n   }\n\nif (span===9)  { \n              \tQualtrics.SurveyEngine.setEmbeddedData('show', 0);\n   }\n\n});\n\nQualtrics.SurveyEngine.addOnUnload(function()\n{\n\t\/*Place your JavaScript here to run when the page is unloaded*\/\n\n});","DataVisibility":{"Private":false,"Hidden":false},"QuestionText_Unsafe":"Timing","DataExportTag":"ds_compute_r","DisplayLogic":{"0":{"0":{"Description":"<span class=\"ConjDesc\">If<\/span>  <span class=\"LeftOpDesc\">errors<\/span> <span class=\"OpDesc\">Is Less Than<\/span> <span class=\"RightOpDesc\"> 4 <\/span>","LeftOperand":"errors","LogicType":"EmbeddedField","Operator":"LessThan","RightOperand":"4","Type":"Expression"},"Type":"If"},"Type":"BooleanExpression","inPage":false},"QuestionID":"QID1212515512"}},{"SurveyID":"SV_cGbYO4cSHNDyIHI","Element":"SQ","PrimaryAttribute":"QID1212515515","SecondaryAttribute":"Timing","TertiaryAttribute":null,"Payload":{"QuestionText":"Timing","QuestionJS":"Qualtrics.SurveyEngine.addOnload(function()\n{\n\t\/*Place your JavaScript here to run when the page loads*\/\n\n});\n\nQualtrics.SurveyEngine.addOnReady(function()\n{\n\n\n});\n\nQualtrics.SurveyEngine.addOnUnload(function()\n{\n\t\/*Place your JavaScript here to run when the page is unloaded*\/\n\n});","DefaultChoices":false,"DataExportTag":"wait","QuestionType":"Timing","Selector":"I","DataVisibility":{"Private":false,"Hidden":false},"Configuration":{"QuestionDescriptionOption":"UseText","MinSeconds":2,"MaxSeconds":0.01000000000000000020816681711721685132943093776702880859375,"CountDirection":"Incrementing"},"QuestionDescription":"Timing","Choices":{"1":{"Display":"First Click"},"2":{"Display":"Last Click"},"3":{"Display":"Page Submit"},"4":{"Display":"Click Count"}},"GradingData":[],"Language":[],"NextChoiceId":100,"NextAnswerId":1,"QuestionText_Unsafe":"Timing","QuestionID":"QID1212515515"}},{"SurveyID":"SV_cGbYO4cSHNDyIHI","Element":"SQ","PrimaryAttribute":"QID1212515518","SecondaryAttribute":"Timing","TertiaryAttribute":null,"Payload":{"QuestionText":"Timing","QuestionJS":"Qualtrics.SurveyEngine.addOnload(function()\n{\n\t\/*Place your JavaScript here to run when the page loads*\/\n\n});\n\nQualtrics.SurveyEngine.addOnReady(function()\n{\n\n\n});\n\nQualtrics.SurveyEngine.addOnUnload(function()\n{\n\t\/*Place your JavaScript here to run when the page is unloaded*\/\n\n});","DefaultChoices":false,"QuestionType":"Timing","Selector":"I","DataVisibility":{"Private":false,"Hidden":false},"Configuration":{"QuestionDescriptionOption":"UseText","MinSeconds":2,"MaxSeconds":0.01000000000000000020816681711721685132943093776702880859375,"CountDirection":"Incrementing"},"QuestionDescription":"Timing","Choices":{"1":{"Display":"First Click"},"2":{"Display":"Last Click"},"3":{"Display":"Page Submit"},"4":{"Display":"Click Count"}},"GradingData":[],"Language":[],"NextChoiceId":104,"NextAnswerId":1,"QuestionText_Unsafe":"Timing","DataExportTag":"wait_r1","QuestionID":"QID1212515518"}}]}