{"SurveyEntry":{"SurveyID":"SV_7afnoAw8MwWlcUd","SurveyName":"Digit Span (mc)","SurveyDescription":null,"SurveyOwnerID":"UR_eQdC30JTy9N8pmZ","SurveyBrandID":"psicologiaunimib","DivisionID":"DV_emJH9L5JJOSQ6nI","SurveyLanguage":"EN","SurveyActiveResponseSet":"RS_cYJidAJAU1P7KOp","SurveyStatus":"Active","SurveyStartDate":"0000-00-00 00:00:00","SurveyExpirationDate":"0000-00-00 00:00:00","SurveyCreationDate":"2019-02-25 15:39:12","CreatorID":"UR_eQdC30JTy9N8pmZ","LastModified":"2023-06-09 09:02:49","LastAccessed":"0000-00-00 00:00:00","LastActivated":"2019-02-25 15:42:14","Deleted":null},"SurveyElements":[{"SurveyID":"SV_7afnoAw8MwWlcUd","Element":"BL","PrimaryAttribute":"Survey Blocks","SecondaryAttribute":null,"TertiaryAttribute":null,"Payload":{"1":{"Type":"Trash","Description":"Trash \/ Unused Questions","ID":"BL_bI75Y66loUY8iuV","BlockElements":[]},"2":{"Type":"Standard","SubType":"","Description":"Digit Span (mc)","ID":"BL_1XnexqurowduGQB","BlockElements":[{"Type":"Question","QuestionID":"QID36"},{"Type":"Page Break"},{"Type":"Question","QuestionID":"QID37"},{"Type":"Page Break"},{"Type":"Question","QuestionID":"QID43"},{"Type":"Question","QuestionID":"QID42"}],"Options":{"BlockLocking":"false","RandomizeQuestions":"false","Looping":"Static","LoopingOptions":{"Static":{"1":{"1":"2","2":"6","3":"5","4":"","5":"","6":"","7":"","8":"","9":"","10":"265","11":"1"},"2":{"1":"2","2":"8","3":"1","4":"","5":"","6":"","7":"","8":"","9":"","10":"281","11":"2"},"3":{"1":"7","2":"3","3":"9","4":"","5":"","6":"","7":"","8":"","9":"","10":"739","11":"3"},"4":{"1":"1","2":"5","3":"2","4":"3","5":"","6":"","7":"","8":"","9":"","10":"1523","11":"1"},"5":{"1":"1","2":"9","3":"5","4":"2","5":"","6":"","7":"","8":"","9":"","10":"1952","11":"2"},"6":{"1":"8","2":"7","3":"3","4":"5","5":"","6":"","7":"","8":"","9":"","10":"8735","11":"3"},"7":{"1":"2","2":"4","3":"7","4":"6","5":"1","6":"","7":"","8":"","9":"","10":"24761","11":"1"},"8":{"1":"5","2":"2","3":"1","4":"4","5":"3","6":"","7":"","8":"","9":"","10":"52143","11":"2"},"9":{"1":"1","2":"6","3":"5","4":"2","5":"9","6":"","7":"","8":"","9":"","10":"16529","11":"3"},"10":{"1":"4","2":"2","3":"1","4":"9","5":"3","6":"7","7":"","8":"","9":"","10":"421937","11":"1"},"11":{"1":"8","2":"5","3":"3","4":"1","5":"4","6":"7","7":"","8":"","9":"","10":"853147","11":"2"},"12":{"1":"7","2":"3","3":"6","4":"1","5":"8","6":"4","7":"","8":"","9":"","10":"736184","11":"3"},"13":{"1":"3","2":"6","3":"4","4":"8","5":"5","6":"6","7":"9","8":"","9":"","10":"3648569","11":"1"},"14":{"1":"6","2":"8","3":"1","4":"4","5":"7","6":"2","7":"8","8":"","9":"","10":"6814728","11":"2"},"15":{"1":"2","2":"8","3":"6","4":"1","5":"5","6":"3","7":"9","8":"","9":"","10":"2861539","11":"3"},"16":{"1":"7","2":"5","3":"8","4":"2","5":"9","6":"6","7":"1","8":"3","9":"","10":"75829613","11":"1"},"17":{"1":"2","2":"8","3":"5","4":"9","5":"7","6":"3","7":"1","8":"4","9":"","10":"28597314","11":"2"},"18":{"1":"9","2":"7","3":"3","4":"8","5":"4","6":"6","7":"1","8":"5","9":"","10":"97384615","11":"3"},"19":{"1":"5","2":"8","3":"6","4":"4","5":"2","6":"7","7":"3","8":"9","9":"1","10":"586427391","11":"1"},"20":{"1":"4","2":"2","3":"5","4":"8","5":"1","6":"3","7":"9","8":"7","9":"2","10":"425813972","11":"2"},"21":{"1":"3","2":"8","3":"6","4":"9","5":"2","6":"4","7":"1","8":"5","9":"7","10":"386924157","11":"3"}},"Randomization":"None"}}},"3":{"Type":"Standard","SubType":"","Description":"Digit Span Reverse (mc)","ID":"BL_3pCPnHeeK1ganMW","BlockElements":[{"Type":"Page Break"},{"Type":"Question","QuestionID":"QID48"},{"Type":"Page Break"},{"Type":"Question","QuestionID":"QID49"},{"Type":"Page Break"},{"Type":"Question","QuestionID":"QID50"},{"Type":"Question","QuestionID":"QID51"}],"Options":{"BlockLocking":false,"RandomizeQuestions":"false","Looping":"Static","LoopingOptions":{"Static":{"1":{"1":"2","2":"6","3":"5","4":"","5":"","6":"","7":"","8":"","9":"","10":"562","11":"1"},"2":{"1":"2","2":"8","3":"1","4":"","5":"","6":"","7":"","8":"","9":"","10":"182","11":"2"},"3":{"1":"7","2":"3","3":"9","4":"","5":"","6":"","7":"","8":"","9":"","10":"937","11":"3"},"4":{"1":"1","2":"5","3":"2","4":"3","5":"","6":"","7":"","8":"","9":"","10":"3251","11":"1"},"5":{"1":"1","2":"9","3":"5","4":"2","5":"","6":"","7":"","8":"","9":"","10":"2591","11":"2"},"6":{"1":"8","2":"7","3":"3","4":"5","5":"","6":"","7":"","8":"","9":"","10":"5379","11":"3"},"7":{"1":"2","2":"4","3":"7","4":"6","5":"1","6":"","7":"","8":"","9":"","10":"16742","11":"1"},"8":{"1":"5","2":"2","3":"1","4":"4","5":"3","6":"","7":"","8":"","9":"","10":"34125","11":"2"},"9":{"1":"1","2":"6","3":"5","4":"2","5":"9","6":"","7":"","8":"","9":"","10":"92561","11":"3"},"10":{"1":"4","2":"2","3":"1","4":"9","5":"3","6":"7","7":"","8":"","9":"","10":"739124","11":"1"},"11":{"1":"8","2":"5","3":"3","4":"1","5":"4","6":"7","7":"","8":"","9":"","10":"741358","11":"2"},"12":{"1":"7","2":"3","3":"6","4":"1","5":"8","6":"4","7":"","8":"","9":"","10":"481637","11":"3"},"13":{"1":"3","2":"6","3":"4","4":"8","5":"5","6":"6","7":"9","8":"","9":"","10":"9658463","11":"1"},"14":{"1":"6","2":"8","3":"1","4":"4","5":"7","6":"2","7":"8","8":"","9":"","10":"8274186","11":"2"},"15":{"1":"2","2":"8","3":"6","4":"1","5":"5","6":"3","7":"9","8":"","9":"","10":"9351682","11":"3"},"16":{"1":"7","2":"5","3":"8","4":"2","5":"9","6":"6","7":"1","8":"3","9":"","10":"31692857","11":"1"},"17":{"1":"2","2":"8","3":"5","4":"9","5":"7","6":"3","7":"1","8":"4","9":"","10":"41379582","11":"2"},"18":{"1":"9","2":"7","3":"3","4":"8","5":"4","6":"6","7":"1","8":"5","9":"","10":"51648379","11":"3"},"19":{"1":"5","2":"8","3":"6","4":"4","5":"2","6":"7","7":"3","8":"9","9":"1","10":"193724685","11":"1"},"20":{"1":"4","2":"2","3":"5","4":"8","5":"1","6":"3","7":"9","8":"7","9":"2","10":"279318524","11":"2"},"21":{"1":"3","2":"8","3":"6","4":"9","5":"2","6":"4","7":"1","8":"5","9":"7","10":"751429683","11":"3"},"22":{"1":"","2":"","3":"","4":"","5":"","6":"","7":"","8":"","9":"","10":"","11":""}},"Randomization":"None"}}},"4":{"Type":"Standard","SubType":"","Description":"Digit Span Intro","ID":"BL_3n3XLTwBpDwFjXo","BlockElements":[{"Type":"Question","QuestionID":"QID52"},{"Type":"Page Break"},{"Type":"Question","QuestionID":"QID44"},{"Type":"Question","QuestionID":"QID45"}]},"5":{"Type":"Standard","SubType":"","Description":"Digit Span Rev Intro","ID":"BL_9Y3HG3S7abcoyxw","BlockElements":[{"Type":"Question","QuestionID":"QID53"},{"Type":"Page Break"},{"Type":"Question","QuestionID":"QID46"},{"Type":"Question","QuestionID":"QID47"}]}}},{"SurveyID":"SV_7afnoAw8MwWlcUd","Element":"FL","PrimaryAttribute":"Survey Flow","SecondaryAttribute":null,"TertiaryAttribute":null,"Payload":{"Type":"Root","FlowID":"FL_1","Flow":[{"Type":"EmbeddedData","FlowID":"FL_12122035130","EmbeddedData":[{"Description":"span","Type":"Custom","Field":"span","VariableType":"String","DataVisibility":[],"AnalyzeText":false,"Value":"2"},{"Description":"errors","Type":"Custom","Field":"errors","VariableType":"String","DataVisibility":[],"AnalyzeText":false,"Value":"0"},{"Description":"spanr","Type":"Custom","Field":"spanr","VariableType":"String","DataVisibility":[],"AnalyzeText":false,"Value":"2"},{"Description":"pcorrect","Type":"Custom","Field":"pcorrect","VariableType":"String","DataVisibility":[],"AnalyzeText":false,"Value":"1"},{"Description":"show","Type":"Custom","Field":"show","VariableType":"String","DataVisibility":[],"AnalyzeText":false,"Value":"1"},{"Description":"ds_screentime","Type":"Custom","Field":"ds_screentime","VariableType":"String","DataVisibility":[],"AnalyzeText":false,"Value":"1000"}]},{"Type":"Standard","ID":"BL_3n3XLTwBpDwFjXo","FlowID":"FL_12122035132","Autofill":[]},{"Type":"Standard","ID":"BL_1XnexqurowduGQB","FlowID":"FL_3","Autofill":[]},{"Type":"Standard","ID":"BL_9Y3HG3S7abcoyxw","FlowID":"FL_12122035133","Autofill":[]},{"Type":"Standard","ID":"BL_3pCPnHeeK1ganMW","FlowID":"FL_12122035131","Autofill":[]},{"Type":"EndSurvey","FlowID":"FL_11","EndingType":"Advanced","Options":{"Advanced":"true","SurveyTermination":"DefaultMessage","EOSRedirectURL":"https:\/\/psicologiaunimib.qualtrics.com\/jfe\/form\/SV_bxEDSUv6n01h7Zs?personId=1"}}],"Properties":{"Count":12122035133,"RemovedFieldsets":[]}}},{"SurveyID":"SV_7afnoAw8MwWlcUd","Element":"PL","PrimaryAttribute":"Preview Link","SecondaryAttribute":null,"TertiaryAttribute":null,"Payload":{"PreviewType":"Brand","PreviewID":"15744fa6-30ef-4f52-8f91-d1749269148f"}},{"SurveyID":"SV_7afnoAw8MwWlcUd","Element":"SO","PrimaryAttribute":"Survey Options","SecondaryAttribute":null,"TertiaryAttribute":null,"Payload":{"BackButton":"false","SaveAndContinue":"true","SurveyProtection":"PublicSurvey","BallotBoxStuffingPrevention":"false","NoIndex":"Yes","SecureResponseFiles":"true","SurveyExpiration":"None","SurveyTermination":"DefaultMessage","Header":"","Footer":"","ProgressBarDisplay":"None","PartialData":"+1 week","ValidationMessage":null,"PreviousButton":" \u2190 ","NextButton":" \u2192 ","SkinLibrary":"psicologiaunimib","SkinType":"templated","Skin":{"brandingId":null,"templateId":"*base","overrides":{"layout":{"spacing":1}}},"NewScoring":1,"EOSMessage":null,"ShowExportTags":"false","CollectGeoLocation":"false","SurveyTitle":"Qualtrics Survey | Qualtrics Experience Management","SurveyMetaDescription":"The most powerful, simple and trusted way to gather experience data. Start your journey to experience management and try a free account today.","PasswordProtection":"No","AnonymizeResponse":"No","RefererCheck":"No","RecaptchaV3":"false","ConfirmStart":false,"AutoConfirmStart":false,"RelevantID":"false","RelevantIDLockoutPeriod":"+30 days","UseCustomSurveyLinkCompletedMessage":null,"SurveyLinkCompletedMessage":null,"SurveyLinkCompletedMessageLibrary":null,"ResponseSummary":"No","EOSMessageLibrary":null,"EOSRedirectURL":null,"EmailThankYou":"false","ThankYouEmailMessageLibrary":null,"ThankYouEmailMessage":null,"ValidateMessage":"false","ValidationMessageLibrary":null,"InactiveSurvey":"DefaultMessage","PartialDeletion":null,"PartialDataCloseAfter":"LastActivity","InactiveMessageLibrary":null,"InactiveMessage":null,"AvailableLanguages":{"EN":[]},"CustomStyles":{"customCSS":"#adigit {\nfont-size: 1.8em;\ntext-align: center;\n}"},"SurveyName":"Digit Span (mc)","ProtectSelectionIds":true}},{"SurveyID":"SV_7afnoAw8MwWlcUd","Element":"SCO","PrimaryAttribute":"Scoring","SecondaryAttribute":null,"TertiaryAttribute":null,"Payload":{"ScoringCategories":[],"ScoringCategoryGroups":[],"ScoringSummaryCategory":null,"ScoringSummaryAfterQuestions":0,"ScoringSummaryAfterSurvey":0,"DefaultScoringCategory":null,"AutoScoringCategory":null}},{"SurveyID":"SV_7afnoAw8MwWlcUd","Element":"PROJ","PrimaryAttribute":"CORE","SecondaryAttribute":null,"TertiaryAttribute":"1.1.0","Payload":{"ProjectCategory":"CORE","SchemaVersion":"1.1.0"}},{"SurveyID":"SV_7afnoAw8MwWlcUd","Element":"STAT","PrimaryAttribute":"Survey Statistics","SecondaryAttribute":null,"TertiaryAttribute":null,"Payload":{"MobileCompatible":true,"ID":"Survey Statistics"}},{"SurveyID":"SV_7afnoAw8MwWlcUd","Element":"SQ","PrimaryAttribute":"QID36","SecondaryAttribute":"+","TertiaryAttribute":null,"Payload":{"QuestionText":"<div id=\"adigit\">\n+\n<\/div>","DefaultChoices":false,"DataExportTag":"show digits","QuestionType":"DB","Selector":"TB","Configuration":{"QuestionDescriptionOption":"UseText"},"QuestionDescription":"+","ChoiceOrder":[],"Validation":{"Settings":{"Type":"None"}},"GradingData":[],"Language":[],"NextChoiceId":4,"NextAnswerId":1,"QuestionID":"QID36","DataVisibility":{"Private":false,"Hidden":false},"QuestionJS":"Qualtrics.SurveyEngine.addOnload(function()\n{\n      \n\n});\n\nQualtrics.SurveyEngine.addOnReady(function()\n{\n\tjQuery('#Buttons').hide();\n \tjQuery('#NextButton').hide();\n\t\n\tvar atime=Number('${e:\/\/Field\/ds_screentime}');\n\n\tvar span=  Number('${e:\/\/Field\/span}');\n\tvar ndigits= span+1\n\tvar nexttime = ndigits*atime+(atime\/2);\n\t\n\t\/\/ we cannot access a specific LM field programmatically, so \n\t\/\/ we need to save them all in an array and then access the values of the array\n\tvar values = [\n\t\t'${lm:\/\/Field\/1}',\n\t\t'${lm:\/\/Field\/2}',\n\t\t'${lm:\/\/Field\/3}',\n\t\t'${lm:\/\/Field\/4}',\n\t\t'${lm:\/\/Field\/5}',\n\t\t'${lm:\/\/Field\/6}',\n\t\t'${lm:\/\/Field\/7}',\n\t\t'${lm:\/\/Field\/8}',\n\t\t'${lm:\/\/Field\/9}'\t\t\n\t\t];\n\n\tvar k=0;\n    function one(){\n    \t    var field = values[k];\n    \t\tjQuery(\"#adigit\").html( field);\n\t    \tk = k +1 \t\n\t\t    if (k===ndigits) clearInterval(id);\n\t\t\n\t};\n\tconst id = setInterval(one, atime);\n\t\t\t\t  \n\t\n\n \/\/\t\t\t\t         \t\nconsole.log(\"one done\");\n\tsetTimeout(function (){  \n        \tjQuery('#NextButton').click();\n   }, nexttime); \n\t\n\t\n});\n\nQualtrics.SurveyEngine.addOnUnload(function()\n{\n\t\/*Place your JavaScript here to run when the page is unloaded*\/\n\n});","DisplayLogic":{"0":{"0":{"Description":"<span class=\"ConjDesc\">If<\/span>  <span class=\"LeftOpDesc\">show<\/span> <span class=\"OpDesc\">Is Equal to<\/span> <span class=\"RightOpDesc\"> 1 <\/span>","LeftOperand":"show","LogicType":"EmbeddedField","Operator":"EqualTo","RightOperand":"1","Type":"Expression"},"Type":"If"},"Type":"BooleanExpression","inPage":false}}},{"SurveyID":"SV_7afnoAw8MwWlcUd","Element":"SQ","PrimaryAttribute":"QID43","SecondaryAttribute":"+","TertiaryAttribute":null,"Payload":{"QuestionText":"<div id=\"adigit\">\n+\n<\/div>","DefaultChoices":false,"DataExportTag":"fixation","QuestionType":"DB","Selector":"TB","Configuration":{"QuestionDescriptionOption":"UseText"},"QuestionDescription":"+","ChoiceOrder":[],"Validation":{"Settings":{"Type":"None"}},"GradingData":[],"Language":[],"NextChoiceId":4,"NextAnswerId":1,"QuestionID":"QID43","QuestionJS":"Qualtrics.SurveyEngine.addOnload(function()\n{\n\t\tjQuery('#Buttons').hide();\n    \tjQuery('#NextButton').hide();\n\n\n});\n\nQualtrics.SurveyEngine.addOnReady(function()\n{\n\t\tjQuery('#Buttons').hide();\n    \tjQuery('#NextButton').hide();\n\n\n});\n\nQualtrics.SurveyEngine.addOnUnload(function()\n{\n\t\/*Place your JavaScript here to run when the page is unloaded*\/\n\n});","DataVisibility":{"Private":false,"Hidden":false},"DisplayLogic":{"0":{"0":{"LogicType":"EmbeddedField","LeftOperand":"errors","Operator":"LessThan","RightOperand":"4","Type":"Expression","Description":"<span class=\"ConjDesc\">If<\/span>  <span class=\"LeftOpDesc\">errors<\/span> <span class=\"OpDesc\">Is Less Than<\/span> <span class=\"RightOpDesc\"> 4 <\/span>"},"Type":"If"},"Type":"BooleanExpression","inPage":false}}},{"SurveyID":"SV_7afnoAw8MwWlcUd","Element":"SQ","PrimaryAttribute":"QID44","SecondaryAttribute":"+","TertiaryAttribute":null,"Payload":{"QuestionText":"<div id=\"adigit\">\n+\n<\/div>","QuestionJS":"Qualtrics.SurveyEngine.addOnload(function()\n{\n\t\tjQuery('#Buttons').hide();\n    \tjQuery('#NextButton').hide();\n\n\n});\n\nQualtrics.SurveyEngine.addOnReady(function()\n{\n\t\tjQuery('#Buttons').hide();\n    \tjQuery('#NextButton').hide();\n\n\n});\n\nQualtrics.SurveyEngine.addOnUnload(function()\n{\n\t\/*Place your JavaScript here to run when the page is unloaded*\/\n\n});","DefaultChoices":false,"DataExportTag":"fixation","QuestionType":"DB","Selector":"TB","DataVisibility":{"Private":false,"Hidden":false},"Configuration":{"QuestionDescriptionOption":"UseText"},"QuestionDescription":"+","ChoiceOrder":[],"Validation":{"Settings":{"Type":"None"}},"GradingData":[],"Language":[],"NextChoiceId":4,"NextAnswerId":1,"QuestionID":"QID44"}},{"SurveyID":"SV_7afnoAw8MwWlcUd","Element":"SQ","PrimaryAttribute":"QID46","SecondaryAttribute":"+","TertiaryAttribute":null,"Payload":{"QuestionText":"<div id=\"adigit\">\n+\n<\/div>","QuestionJS":"Qualtrics.SurveyEngine.addOnload(function()\n{\n\t\tjQuery('#Buttons').hide();\n    \tjQuery('#NextButton').hide();\n\n\n});\n\nQualtrics.SurveyEngine.addOnReady(function()\n{\n\t\tjQuery('#Buttons').hide();\n    \tjQuery('#NextButton').hide();\n\n\n});\n\nQualtrics.SurveyEngine.addOnUnload(function()\n{\n\t\/*Place your JavaScript here to run when the page is unloaded*\/\n\n});","DefaultChoices":false,"QuestionType":"DB","Selector":"TB","DataVisibility":{"Private":false,"Hidden":false},"Configuration":{"QuestionDescriptionOption":"UseText"},"QuestionDescription":"+","ChoiceOrder":[],"Validation":{"Settings":{"Type":"None"}},"GradingData":[],"Language":[],"NextChoiceId":4,"NextAnswerId":1,"QuestionText_Unsafe":"<div id=\"adigit\">\n+\n<\/div>","DataExportTag":"fixation_r1","QuestionID":"QID46"}},{"SurveyID":"SV_7afnoAw8MwWlcUd","Element":"SQ","PrimaryAttribute":"QID48","SecondaryAttribute":"+","TertiaryAttribute":null,"Payload":{"QuestionText":"<div id=\"adigit\">\n+\n<\/div>","DefaultChoices":false,"QuestionType":"DB","Selector":"TB","Configuration":{"QuestionDescriptionOption":"UseText"},"QuestionDescription":"+","ChoiceOrder":[],"Validation":{"Settings":{"Type":"None"}},"GradingData":[],"Language":[],"NextChoiceId":4,"NextAnswerId":1,"DataVisibility":{"Private":false,"Hidden":false},"QuestionJS":"Qualtrics.SurveyEngine.addOnload(function()\n{\n      \n\n});\n\nQualtrics.SurveyEngine.addOnReady(function()\n{\n\tjQuery('#Buttons').hide();\n \tjQuery('#NextButton').hide();\n\t\n\tvar atime=Number('${e:\/\/Field\/ds_screentime}');\n\n\tvar span=  Number('${e:\/\/Field\/spanr}');\n\tvar ndigits= span+1\n\tvar nexttime = ndigits*atime+(atime\/2);\n\t\n\t\/\/ we cannot access a specific LM field programmatically, so \n\t\/\/ we need to save them all in an array and then access the values of the array\n\tvar values = [\n\t\t'${lm:\/\/Field\/1}',\n\t\t'${lm:\/\/Field\/2}',\n\t\t'${lm:\/\/Field\/3}',\n\t\t'${lm:\/\/Field\/4}',\n\t\t'${lm:\/\/Field\/5}',\n\t\t'${lm:\/\/Field\/6}',\n\t\t'${lm:\/\/Field\/7}',\n\t\t'${lm:\/\/Field\/8}',\n\t\t'${lm:\/\/Field\/9}'\t\t\n\t\t];\n\n\tvar k=0;\n    function one(){\n    \t    var field = values[k];\n    \t\tjQuery(\"#adigit\").html( field);\n\t    \tk = k +1 \t\n\t\t    if (k===ndigits) clearInterval(id);\n\t\t\n\t};\n\tconst id = setInterval(one, atime);\n\t\t\t\t  \n\t\n\n \/\/\t\t\t\t         \t\nconsole.log(\"one done\");\n\tsetTimeout(function (){  \n        \tjQuery('#NextButton').click();\n   }, nexttime); \n\t\n\t\n});\n\nQualtrics.SurveyEngine.addOnUnload(function()\n{\n\t\/*Place your JavaScript here to run when the page is unloaded*\/\n\n});","DisplayLogic":{"0":{"0":{"Description":"<span class=\"ConjDesc\">If<\/span>  <span class=\"LeftOpDesc\">show<\/span> <span class=\"OpDesc\">Is Equal to<\/span> <span class=\"RightOpDesc\"> 1 <\/span>","LeftOperand":"show","LogicType":"EmbeddedField","Operator":"EqualTo","RightOperand":"1","Type":"Expression"},"Type":"If"},"Type":"BooleanExpression","inPage":false},"QuestionText_Unsafe":"<div id=\"adigit\">\n+\n<\/div>","DataExportTag":"digits_r","QuestionID":"QID48"}},{"SurveyID":"SV_7afnoAw8MwWlcUd","Element":"SQ","PrimaryAttribute":"QID50","SecondaryAttribute":"+","TertiaryAttribute":null,"Payload":{"QuestionText":"<div id=\"adigit\">\n+\n<\/div>","DefaultChoices":false,"QuestionType":"DB","Selector":"TB","Configuration":{"QuestionDescriptionOption":"UseText"},"QuestionDescription":"+","ChoiceOrder":[],"Validation":{"Settings":{"Type":"None"}},"GradingData":[],"Language":[],"NextChoiceId":4,"NextAnswerId":1,"QuestionJS":"Qualtrics.SurveyEngine.addOnload(function()\n{\n\t\tjQuery('#Buttons').hide();\n    \tjQuery('#NextButton').hide();\n\n\n});\n\nQualtrics.SurveyEngine.addOnReady(function()\n{\n\t\tjQuery('#Buttons').hide();\n    \tjQuery('#NextButton').hide();\n\n\n});\n\nQualtrics.SurveyEngine.addOnUnload(function()\n{\n\t\/*Place your JavaScript here to run when the page is unloaded*\/\n\n});","DataVisibility":{"Private":false,"Hidden":false},"QuestionText_Unsafe":"<div id=\"adigit\">\n+\n<\/div>","DataExportTag":"fixation_r2","QuestionID":"QID50","DisplayLogic":{"0":{"0":{"LogicType":"EmbeddedField","LeftOperand":"errors","Operator":"LessThan","RightOperand":"4","Type":"Expression","Description":"<span class=\"ConjDesc\">If<\/span>  <span class=\"LeftOpDesc\">errors<\/span> <span class=\"OpDesc\">Is Less Than<\/span> <span class=\"RightOpDesc\"> 4 <\/span>"},"Type":"If"},"Type":"BooleanExpression","inPage":false}}},{"SurveyID":"SV_7afnoAw8MwWlcUd","Element":"QC","PrimaryAttribute":"Survey Question Count","SecondaryAttribute":"53","TertiaryAttribute":null,"Payload":null},{"SurveyID":"SV_7afnoAw8MwWlcUd","Element":"RS","PrimaryAttribute":"RS_cYJidAJAU1P7KOp","SecondaryAttribute":"Default Response Set","TertiaryAttribute":null,"Payload":null},{"SurveyID":"SV_7afnoAw8MwWlcUd","Element":"SQ","PrimaryAttribute":"QID37","SecondaryAttribute":"Inserisci la sequenza di numeri che hai appena visto","TertiaryAttribute":null,"Payload":{"QuestionText":"Inserisci la sequenza di numeri che hai appena visto<br>","DefaultChoices":false,"DataExportTag":"ds_response","QuestionID":"QID37","QuestionType":"TE","Selector":"SL","DataVisibility":{"Private":false,"Hidden":false},"Configuration":{"QuestionDescriptionOption":"UseText"},"QuestionDescription":"Inserisci la sequenza di numeri che hai appena visto","Validation":{"Settings":{"ForceResponse":"OFF","Type":"None"}},"GradingData":[],"Language":[],"NextChoiceId":56,"NextAnswerId":1,"SearchSource":{"AllowFreeResponse":"false"},"QuestionJS":"Qualtrics.SurveyEngine.addOnload(function()\n{\n\t\t \n\t\t  var correct='${lm:\/\/Field\/10}'\n\t\t  console.log(\"correct:\"+correct);\n\n});\n\nQualtrics.SurveyEngine.addOnReady(function()\n{\n\t\/*Place your JavaScript here to run when the page is fully displayed*\/\n\n});\n\nQualtrics.SurveyEngine.addOnUnload(function() {});\n\t\nQualtrics.SurveyEngine.addOnPageSubmit(function()\n{\n\n\nvar span = Number('${e:\/\/Field\/span}')\t\n\nvar qid_01_str = this.questionId;\nvar responseTextField = document.getElementById('QR~' + qid_01_str);\nvar currentResponse = responseTextField.value;\n\n\tif (currentResponse.length>0) {\n            \n\t\t  var correct='${lm:\/\/Field\/10}'\n\n          if (Number(correct)==Number(currentResponse)) {\n                  \t    span=span+1;\n                    \tQualtrics.SurveyEngine.setEmbeddedData('span', span);\n                    \tQualtrics.SurveyEngine.setEmbeddedData('pcorrect', 1);\n      \t                Qualtrics.SurveyEngine.setEmbeddedData('errors', 0);\t\n\n          } else {\n    \t\t\t        var errors = Number('${e:\/\/Field\/errors}')\t\n    \t                Qualtrics.SurveyEngine.setEmbeddedData('pcorrect', 0);\t\n    \t                Qualtrics.SurveyEngine.setEmbeddedData('errors', errors+1);\t\n\t\t\t  \n          }\n\t}    \n\n});","DisplayLogic":{"0":{"0":{"Description":"<span class=\"ConjDesc\">If<\/span>  <span class=\"LeftOpDesc\">show<\/span> <span class=\"OpDesc\">Is Equal to<\/span> <span class=\"RightOpDesc\"> 1 <\/span>","LeftOperand":"show","LogicType":"EmbeddedField","Operator":"EqualTo","RightOperand":"1","Type":"Expression"},"Type":"If"},"Type":"BooleanExpression","inPage":false}}},{"SurveyID":"SV_7afnoAw8MwWlcUd","Element":"SQ","PrimaryAttribute":"QID49","SecondaryAttribute":"Inserisci la sequenza di numeri che hai appena visto al contrario","TertiaryAttribute":null,"Payload":{"QuestionText":"Inserisci la sequenza di numeri che hai appena visto al contrario<br>","DefaultChoices":false,"QuestionType":"TE","Selector":"SL","DataVisibility":{"Private":false,"Hidden":false},"Configuration":{"QuestionDescriptionOption":"UseText"},"QuestionDescription":"Inserisci la sequenza di numeri che hai appena visto al contrario","Validation":{"Settings":{"ForceResponse":"OFF","Type":"None"}},"GradingData":[],"Language":[],"NextChoiceId":56,"NextAnswerId":1,"SearchSource":{"AllowFreeResponse":"false"},"QuestionJS":"Qualtrics.SurveyEngine.addOnload(function()\n{\n\t\t \n\t\t  var correct='${lm:\/\/Field\/10}'\n\t\t  console.log(\"correct:\"+correct);\n\n});\n\nQualtrics.SurveyEngine.addOnReady(function()\n{\n\t\/*Place your JavaScript here to run when the page is fully displayed*\/\n\n});\n\nQualtrics.SurveyEngine.addOnUnload(function() {});\n\t\nQualtrics.SurveyEngine.addOnPageSubmit(function()\n{\n\n\nvar span = Number('${e:\/\/Field\/spanr}')\t\n\nvar qid_01_str = this.questionId;\nvar responseTextField = document.getElementById('QR~' + qid_01_str);\nvar currentResponse = responseTextField.value;\n\n\tif (currentResponse.length>0) {\n            \n\t\t  var correct='${lm:\/\/Field\/10}'\n\n          if (Number(correct)==Number(currentResponse)) {\n                  \t    span=span+1;\n                    \tQualtrics.SurveyEngine.setEmbeddedData('spanr', span);\n                    \tQualtrics.SurveyEngine.setEmbeddedData('pcorrect', 1);\n      \t                Qualtrics.SurveyEngine.setEmbeddedData('errors', 0);\t\n\n          } else {\n    \t\t\t        var errors = Number('${e:\/\/Field\/errors}')\t\n    \t                Qualtrics.SurveyEngine.setEmbeddedData('pcorrect', 0);\t\n    \t                Qualtrics.SurveyEngine.setEmbeddedData('errors', errors+1);\t\n\t\t\t  \n          }\n\t}    \nconsole.log(correct, ' =  ' + currentResponse + \" spanr:\" + span);\n\n});","DisplayLogic":{"0":{"0":{"Description":"<span class=\"ConjDesc\">If<\/span>  <span class=\"LeftOpDesc\">show<\/span> <span class=\"OpDesc\">Is Equal to<\/span> <span class=\"RightOpDesc\"> 1 <\/span>","LeftOperand":"show","LogicType":"EmbeddedField","Operator":"EqualTo","RightOperand":"1","Type":"Expression"},"Type":"If"},"Type":"BooleanExpression","inPage":false},"QuestionText_Unsafe":"Inserisci la sequenza di numeri che hai appena visto<br>","DataExportTag":"ds_response_r","QuestionID":"QID49"}},{"SurveyID":"SV_7afnoAw8MwWlcUd","Element":"SQ","PrimaryAttribute":"QID53","SecondaryAttribute":"Ora dovresti fare lo stesso compito, ma inserisci in numeri in sequenza contraria rispetto a come...","TertiaryAttribute":null,"Payload":{"QuestionText":"<br><div>Ora dovresti fare lo stesso compito, ma inserisci in numeri in sequenza contraria rispetto a come ti vengono presentati. Ad esempio, se vedi la sequenza '123', dovrai inserire la sequenza `321'. <br><\/div><div><br><\/div><div>Premi `Inizia` per cominciare.<br><\/div>","QuestionJS":"Qualtrics.SurveyEngine.addOnload(function()\n{\n\n\n});\n\nQualtrics.SurveyEngine.addOnReady(function()\n{\n\t\n\t     jQuery('#NextButton').attr(\"title\",'Inizia');\n\t     jQuery('#NextButton').attr(\"value\",'Inizia');\n\n    \tQualtrics.SurveyEngine.setEmbeddedData('show', 1);\n    \tQualtrics.SurveyEngine.setEmbeddedData('pcorrect', 1);\n    \tQualtrics.SurveyEngine.setEmbeddedData('errors', 0);\n\n\n\n});\n\nQualtrics.SurveyEngine.addOnUnload(function()\n{\n\t\/*Place your JavaScript here to run when the page is unloaded*\/\n\n});","DefaultChoices":false,"DataExportTag":"intro","QuestionType":"DB","Selector":"TB","DataVisibility":{"Private":false,"Hidden":false},"Configuration":{"QuestionDescriptionOption":"UseText"},"QuestionDescription":"Ora dovresti fare lo stesso compito, ma inserisci in numeri in sequenza contraria rispetto a come...","ChoiceOrder":[],"Validation":{"Settings":{"Type":"None"}},"GradingData":[],"Language":[],"NextChoiceId":4,"NextAnswerId":1,"QuestionID":"QID53"}},{"SurveyID":"SV_7afnoAw8MwWlcUd","Element":"SQ","PrimaryAttribute":"QID42","SecondaryAttribute":"Timing","TertiaryAttribute":null,"Payload":{"QuestionText":"Timing","DefaultChoices":false,"DataExportTag":"ds_compute","QuestionID":"QID42","QuestionType":"Timing","Selector":"I","Configuration":{"QuestionDescriptionOption":"UseText","MinSeconds":2,"MaxSeconds":0.01000000000000000020816681711721685132943093776702880859375,"CountDirection":"Incrementing"},"QuestionDescription":"Timing","Choices":{"1":{"Display":"First Click"},"2":{"Display":"Last Click"},"3":{"Display":"Page Submit"},"4":{"Display":"Click Count"}},"GradingData":[],"Language":[],"NextChoiceId":88,"NextAnswerId":1,"QuestionJS":"Qualtrics.SurveyEngine.addOnload(function()\n{\n\t\/*Place your JavaScript here to run when the page loads*\/\n\n});\n\nQualtrics.SurveyEngine.addOnReady(function()\n{\n\nvar span = Number('${e:\/\/Field\/span}')\t\nvar pcorrect = Number('${e:\/\/Field\/pcorrect}')\t\nvar lmtry = Number('${lm:\/\/Field\/11}')\t\nvar errors = Number('${e:\/\/Field\/errors}')\t\n\nconsole.log(\"span:\"+span+\" pcorrect:\"+pcorrect+\" lmtry:\"+lmtry+' errors'+errors);\nQualtrics.SurveyEngine.setEmbeddedData('show', 0);\n\n \n if (pcorrect===1 && lmtry==3)  { \n              \tQualtrics.SurveyEngine.setEmbeddedData('show', 1);\n   }\nif (pcorrect===0 && lmtry<3)  { \n              \tQualtrics.SurveyEngine.setEmbeddedData('show', 1);\n   }\nif (errors>2)  { \n              \tQualtrics.SurveyEngine.setEmbeddedData('errors', 4);\t            \n              \tQualtrics.SurveyEngine.setEmbeddedData('show', 0);\n   }\n\nif (span===9)  { \n              \tQualtrics.SurveyEngine.setEmbeddedData('show', 0);\n   }\n\n});\n\nQualtrics.SurveyEngine.addOnUnload(function()\n{\n\t\/*Place your JavaScript here to run when the page is unloaded*\/\n\n});","DataVisibility":{"Private":false,"Hidden":false},"DisplayLogic":{"0":{"0":{"Description":"<span class=\"ConjDesc\">If<\/span>  <span class=\"LeftOpDesc\">errors<\/span> <span class=\"OpDesc\">Is Less Than<\/span> <span class=\"RightOpDesc\"> 4 <\/span>","LeftOperand":"errors","LogicType":"EmbeddedField","Operator":"LessThan","RightOperand":"4","Type":"Expression"},"Type":"If"},"Type":"BooleanExpression","inPage":false}}},{"SurveyID":"SV_7afnoAw8MwWlcUd","Element":"SQ","PrimaryAttribute":"QID45","SecondaryAttribute":"Timing","TertiaryAttribute":null,"Payload":{"QuestionText":"Timing","QuestionJS":"Qualtrics.SurveyEngine.addOnload(function()\n{\n\t\/*Place your JavaScript here to run when the page loads*\/\n\n});\n\nQualtrics.SurveyEngine.addOnReady(function()\n{\n\n\n});\n\nQualtrics.SurveyEngine.addOnUnload(function()\n{\n\t\/*Place your JavaScript here to run when the page is unloaded*\/\n\n});","DefaultChoices":false,"DataExportTag":"wait","QuestionType":"Timing","Selector":"I","DataVisibility":{"Private":false,"Hidden":false},"Configuration":{"QuestionDescriptionOption":"UseText","MinSeconds":2,"MaxSeconds":0.01000000000000000020816681711721685132943093776702880859375,"CountDirection":"Incrementing"},"QuestionDescription":"Timing","Choices":{"1":{"Display":"First Click"},"2":{"Display":"Last Click"},"3":{"Display":"Page Submit"},"4":{"Display":"Click Count"}},"GradingData":[],"Language":[],"NextChoiceId":100,"NextAnswerId":1,"QuestionID":"QID45"}},{"SurveyID":"SV_7afnoAw8MwWlcUd","Element":"SQ","PrimaryAttribute":"QID47","SecondaryAttribute":"Timing","TertiaryAttribute":null,"Payload":{"QuestionText":"Timing","QuestionJS":"Qualtrics.SurveyEngine.addOnload(function()\n{\n\t\/*Place your JavaScript here to run when the page loads*\/\n\n});\n\nQualtrics.SurveyEngine.addOnReady(function()\n{\n\n\n});\n\nQualtrics.SurveyEngine.addOnUnload(function()\n{\n\t\/*Place your JavaScript here to run when the page is unloaded*\/\n\n});","DefaultChoices":false,"QuestionType":"Timing","Selector":"I","DataVisibility":{"Private":false,"Hidden":false},"Configuration":{"QuestionDescriptionOption":"UseText","MinSeconds":2,"MaxSeconds":0.01000000000000000020816681711721685132943093776702880859375,"CountDirection":"Incrementing"},"QuestionDescription":"Timing","Choices":{"1":{"Display":"First Click"},"2":{"Display":"Last Click"},"3":{"Display":"Page Submit"},"4":{"Display":"Click Count"}},"GradingData":[],"Language":[],"NextChoiceId":104,"NextAnswerId":1,"QuestionText_Unsafe":"Timing","DataExportTag":"wait_r1","QuestionID":"QID47"}},{"SurveyID":"SV_7afnoAw8MwWlcUd","Element":"SQ","PrimaryAttribute":"QID51","SecondaryAttribute":"Timing","TertiaryAttribute":null,"Payload":{"QuestionText":"Timing","DefaultChoices":false,"QuestionType":"Timing","Selector":"I","Configuration":{"QuestionDescriptionOption":"UseText","MinSeconds":2,"MaxSeconds":0.01000000000000000020816681711721685132943093776702880859375,"CountDirection":"Incrementing"},"QuestionDescription":"Timing","Choices":{"1":{"Display":"First Click"},"2":{"Display":"Last Click"},"3":{"Display":"Page Submit"},"4":{"Display":"Click Count"}},"GradingData":[],"Language":[],"NextChoiceId":108,"NextAnswerId":1,"QuestionJS":"Qualtrics.SurveyEngine.addOnload(function()\n{\n\t\/*Place your JavaScript here to run when the page loads*\/\n\n});\n\nQualtrics.SurveyEngine.addOnReady(function()\n{\n\nvar span = Number('${e:\/\/Field\/spanr}')\t\nvar pcorrect = Number('${e:\/\/Field\/pcorrect}')\t\nvar lmtry = Number('${lm:\/\/Field\/11}')\t\nvar errors = Number('${e:\/\/Field\/errors}')\t\n\nconsole.log(\"span:\"+span+\" pcorrect:\"+pcorrect+\" lmtry:\"+lmtry+' errors'+errors);\nQualtrics.SurveyEngine.setEmbeddedData('show', 0);\n\n \n if (pcorrect===1 && lmtry==3)  { \n              \tQualtrics.SurveyEngine.setEmbeddedData('show', 1);\n   }\nif (pcorrect===0 && lmtry<3)  { \n              \tQualtrics.SurveyEngine.setEmbeddedData('show', 1);\n   }\nif (errors>2)  { \n              \tQualtrics.SurveyEngine.setEmbeddedData('errors', 4);\t            \n              \tQualtrics.SurveyEngine.setEmbeddedData('show', 0);\n   }\n\nif (span===9)  { \n              \tQualtrics.SurveyEngine.setEmbeddedData('show', 0);\n   }\n\n});\n\nQualtrics.SurveyEngine.addOnUnload(function()\n{\n\t\/*Place your JavaScript here to run when the page is unloaded*\/\n\n});","DataVisibility":{"Private":false,"Hidden":false},"QuestionText_Unsafe":"Timing","DataExportTag":"ds_compute_r","QuestionID":"QID51","DisplayLogic":{"0":{"0":{"Description":"<span class=\"ConjDesc\">If<\/span>  <span class=\"LeftOpDesc\">errors<\/span> <span class=\"OpDesc\">Is Less Than<\/span> <span class=\"RightOpDesc\"> 4 <\/span>","LeftOperand":"errors","LogicType":"EmbeddedField","Operator":"LessThan","RightOperand":"4","Type":"Expression"},"Type":"If"},"Type":"BooleanExpression","inPage":false}}},{"SurveyID":"SV_7afnoAw8MwWlcUd","Element":"SQ","PrimaryAttribute":"QID52","SecondaryAttribute":"Una sequenza di numeri apparir\u00e0 rapidamente sullo schermo. Prova a ricordare l'ordine con cui app..","TertiaryAttribute":null,"Payload":{"QuestionText":"Una sequenza di numeri apparir\u00e0 rapidamente sullo schermo.\n\nProva a ricordare l'ordine con cui appaiono, quindi digita la sequenza quando richiesto. \n\nMentre svolgi questo compito, la sequenza di numeri si allungher\u00e0. Il compito inizier\u00e0 con sequenze di tre cifre.\n\n Non scrivere i numeri quando li leggi e non ripeterli ad alta voce.\n\n Quando sei pronto, clicca sul bottone \"Inizia\". <br>","DefaultChoices":false,"DataExportTag":"Digit span intro","QuestionType":"DB","Selector":"TB","Configuration":{"QuestionDescriptionOption":"UseText"},"QuestionDescription":"Una sequenza di numeri apparir\u00e0 rapidamente sullo schermo. Prova a ricordare l'ordine con cui app...","ChoiceOrder":[],"Validation":{"Settings":{"Type":"None"}},"GradingData":[],"Language":[],"NextChoiceId":4,"NextAnswerId":1,"QuestionID":"QID52","QuestionJS":"Qualtrics.SurveyEngine.addOnload(function()\n{\n\n\n});\n\nQualtrics.SurveyEngine.addOnReady(function()\n{\n\t\n\t     jQuery('#NextButton').attr(\"title\",'Inizia');\n\t     jQuery('#NextButton').attr(\"value\",'Inizia');\n\n\n});\n\nQualtrics.SurveyEngine.addOnUnload(function()\n{\n\t\/*Place your JavaScript here to run when the page is unloaded*\/\n\n});","DataVisibility":{"Private":false,"Hidden":false}}}]}